
Microsoft Visual Studio Solution File, Format Version 12.00

Project("{2150E333-8FDC-42A3-9474-1A3956D46DE8}") = "clients", "clients", "{371BB479-AA1C-41CB-BF07-24C363601289}"
EndProject
Project("{2150E333-8FDC-42A3-9474-1A3956D46DE8}") = "docs", "docs", "{7BA7F1B2-19E2-46EB-B000-513EE2F65769}"
	ProjectSection(SolutionItems) = preProject
		docs\_config.local.yml = docs\_config.local.yml
		docs\_config.yml = docs\_config.yml
		docs\csharp.png = docs\csharp.png
		docs\service.md = docs\service.md
		docs\serverless.md = docs\serverless.md
		docs\security.md = docs\security.md
		docs\run.cmd = docs\run.cmd
		docs\quickstart.md = docs\quickstart.md
		docs\quickstart-swagger.png = docs\quickstart-swagger.png
		docs\quickstart-dotnet-run.png = docs\quickstart-dotnet-run.png
		docs\python.png = docs\python.png
		docs\packages.md = docs\packages.md
		docs\network.png = docs\network.png
		docs\logo.png = docs\logo.png
		docs\java.png = docs\java.png
		docs\index.md = docs\index.md
		docs\how-tos.md = docs\how-tos.md
		docs\Gemfile.lock = docs\Gemfile.lock
		docs\Gemfile = docs\Gemfile
		docs\features.md = docs\features.md
		docs\favicon.png = docs\favicon.png
		docs\FAQ.md = docs\FAQ.md
		docs\extensions.md = docs\extensions.md
		docs\concepts.md = docs\concepts.md
		docs\404.html = docs\404.html
	EndProjectSection
EndProject
Project("{2150E333-8FDC-42A3-9474-1A3956D46DE8}") = "examples", "examples", "{0A43C65C-6007-4BB4-B3FE-8D439FC91841}"
	ProjectSection(SolutionItems) = preProject
		examples\README.md = examples\README.md
		examples\Directory.Build.props = examples\Directory.Build.props
	EndProjectSection
EndProject
Project("{2150E333-8FDC-42A3-9474-1A3956D46DE8}") = "000-notebooks", "000-notebooks", "{C93FCED9-808A-4B03-9B4C-0DBAE46D5BDD}"
	ProjectSection(SolutionItems) = preProject
		examples\000-notebooks\001-upload-and-ask.ipynb = examples\000-notebooks\001-upload-and-ask.ipynb
		examples\000-notebooks\appsettings.json = examples\000-notebooks\appsettings.json
		examples\000-notebooks\002-semantic-kernel-plugin.ipynb = examples\000-notebooks\002-semantic-kernel-plugin.ipynb
		examples\000-notebooks\NASA-news.pdf = examples\000-notebooks\NASA-news.pdf
		examples\000-notebooks\sample-KM-Readme.pdf = examples\000-notebooks\sample-KM-Readme.pdf
	EndProjectSection
EndProject
Project("{2150E333-8FDC-42A3-9474-1A3956D46DE8}") = "006-curl-calling-webservice", "006-curl-calling-webservice", "{CA1D9162-D4C5-490D-AAD5-7A9A23092C28}"
	ProjectSection(SolutionItems) = preProject
		examples\006-curl-calling-webservice\test.pdf = examples\006-curl-calling-webservice\test.pdf
		examples\006-curl-calling-webservice\README.md = examples\006-curl-calling-webservice\README.md
		examples\006-curl-calling-webservice\ask-example.sh = examples\006-curl-calling-webservice\ask-example.sh
		examples\006-curl-calling-webservice\upload-example.sh = examples\006-curl-calling-webservice\upload-example.sh
		examples\006-curl-calling-webservice\search-example.sh = examples\006-curl-calling-webservice\search-example.sh
	EndProjectSection
EndProject
Project("{2150E333-8FDC-42A3-9474-1A3956D46DE8}") = "200-dotnet-nl2sql", "200-dotnet-nl2sql", "{2C4D5F14-CCFC-4913-B884-B2FF9067BEFF}"
	ProjectSection(SolutionItems) = preProject
		examples\200-dotnet-nl2sql\README.md = examples\200-dotnet-nl2sql\README.md
	EndProjectSection
EndProject
Project("{2150E333-8FDC-42A3-9474-1A3956D46DE8}") = "extensions", "extensions", "{155DA079-E267-49AF-973A-D1D44681970F}"
EndProject
Project("{2150E333-8FDC-42A3-9474-1A3956D46DE8}") = "root", "root", "{6EF76FD8-4C35-4370-8539-5DDF45357A50}"
	ProjectSection(SolutionItems) = preProject
		README.md = README.md
		SECURITY.md = SECURITY.md
		LICENSE = LICENSE
		CONTRIBUTING.md = CONTRIBUTING.md
		COMMUNITY.md = COMMUNITY.md
		CODE_OF_CONDUCT.md = CODE_OF_CONDUCT.md
		.gitignore = .gitignore
		.gitattributes = .gitattributes
		.editorconfig = .editorconfig
		Directory.Build.props = Directory.Build.props
		Directory.Packages.props = Directory.Packages.props
		nuget-package.props = nuget-package.props
		code-analysis.props = code-analysis.props
		nuget.config = nuget.config
		Dockerfile = Dockerfile
		.dockerignore = .dockerignore
	EndProjectSection
EndProject
Project("{2150E333-8FDC-42A3-9474-1A3956D46DE8}") = ".github", ".github", "{B8976338-7CDC-47AE-8502-C2FBAFBEBD68}"
	ProjectSection(SolutionItems) = preProject
		.github\_typos.toml = .github\_typos.toml
		.github\dependabot.yml = .github\dependabot.yml
		.github\pull_request_template.md = .github\pull_request_template.md
	EndProjectSection
EndProject
Project("{2150E333-8FDC-42A3-9474-1A3956D46DE8}") = "workflows", "workflows", "{48E79819-1E9E-4075-90DA-BAEC761C89B2}"
	ProjectSection(SolutionItems) = preProject
		.github\workflows\docker-build-push.yml = .github\workflows\docker-build-push.yml
		.github\workflows\github-pages-jekyll.yml = .github\workflows\github-pages-jekyll.yml
		.github\workflows\spell-check-with-typos.yml = .github\workflows\spell-check-with-typos.yml
	EndProjectSection
EndProject
Project("{2150E333-8FDC-42A3-9474-1A3956D46DE8}") = "service", "service", "{87DEAE8D-138C-4FDD-B4C9-11C3A7817E8F}"
EndProject
Project("{2150E333-8FDC-42A3-9474-1A3956D46DE8}") = "tests", "tests", "{5E7DD43D-B5E7-4827-B57D-447E5B428589}"
EndProject
Project("{2150E333-8FDC-42A3-9474-1A3956D46DE8}") = "extensions", "extensions", "{3C17F42B-CFC8-4900-8CFB-88936311E919}"
EndProject
Project("{2150E333-8FDC-42A3-9474-1A3956D46DE8}") = "tools", "tools", "{CA49F1A1-C3FA-4E99-ACB3-D7FF33D47976}"
	ProjectSection(SolutionItems) = preProject
		tools\run-rabbitmq.sh = tools\run-rabbitmq.sh
		tools\upload-file.sh = tools\upload-file.sh
		tools\README.md = tools\README.md
		tools\ask.sh = tools\ask.sh
		tools\search.sh = tools\search.sh
		tools\run-qdrant.sh = tools\run-qdrant.sh
		tools\create-azure-webapp-publish-artifacts.sh = tools\create-azure-webapp-publish-artifacts.sh
		tools\run-redis.sh = tools\run-redis.sh
		tools\run-mssql.sh = tools\run-mssql.sh
		tools\run-elasticsearch.sh = tools\run-elasticsearch.sh
		tools\run-mongodb-atlas.sh = tools\run-mongodb-atlas.sh
	EndProjectSection
EndProject
Project("{FAE04EC0-301F-11D3-BF4B-00C04F79EFBC}") = "Abstractions", "service\Abstractions\Abstractions.csproj", "{8A9FA587-7EBA-4D43-BE47-38D798B1C74C}"
EndProject
Project("{FAE04EC0-301F-11D3-BF4B-00C04F79EFBC}") = "Abstractions.UnitTests", "service\tests\Abstractions.UnitTests\Abstractions.UnitTests.csproj", "{C4AFA538-8939-4525-A361-665833947F72}"
EndProject
Project("{FAE04EC0-301F-11D3-BF4B-00C04F79EFBC}") = "Core", "service\Core\Core.csproj", "{27910ADC-5A28-4EB4-A16E-974B91940758}"
EndProject
Project("{FAE04EC0-301F-11D3-BF4B-00C04F79EFBC}") = "Core.UnitTests", "service\tests\Core.UnitTests\Core.UnitTests.csproj", "{4AE9DB51-2A22-4FB3-A780-838738566D18}"
EndProject
Project("{FAE04EC0-301F-11D3-BF4B-00C04F79EFBC}") = "Core.FunctionalTests", "service\tests\Core.FunctionalTests\Core.FunctionalTests.csproj", "{3AAD973E-2FDC-4C89-94BA-4F6671C2F23A}"
EndProject
Project("{FAE04EC0-301F-11D3-BF4B-00C04F79EFBC}") = "Service", "service\Service\Service.csproj", "{1071A8B6-ED76-4E46-A291-E0563B9C4575}"
EndProject
Project("{FAE04EC0-301F-11D3-BF4B-00C04F79EFBC}") = "Service.FunctionalTests", "service\tests\Service.FunctionalTests\Service.FunctionalTests.csproj", "{BCD0255F-2F35-4B6D-BBF2-2FB43B6F95FA}"
EndProject
Project("{FAE04EC0-301F-11D3-BF4B-00C04F79EFBC}") = "TestHelpers", "service\tests\TestHelpers\TestHelpers.csproj", "{989061F4-164F-4D98-A3F9-601BC40EE216}"
EndProject
Project("{FAE04EC0-301F-11D3-BF4B-00C04F79EFBC}") = "InteractiveSetup", "tools\InteractiveSetup\InteractiveSetup.csproj", "{C03BC9FE-5301-43EE-B912-1363F430DBA0}"
EndProject
Project("{FAE04EC0-301F-11D3-BF4B-00C04F79EFBC}") = "SemanticKernelPlugin", "clients\dotnet\SemanticKernelPlugin\SemanticKernelPlugin.csproj", "{F7609330-E97E-422C-8983-EC501B2DDC52}"
EndProject
Project("{FAE04EC0-301F-11D3-BF4B-00C04F79EFBC}") = "WebClient", "clients\dotnet\WebClient\WebClient.csproj", "{D04A01C0-EF1B-49B2-B6AB-8AC635566E6A}"
EndProject
Project("{FAE04EC0-301F-11D3-BF4B-00C04F79EFBC}") = "001-dotnet-WebClient", "examples\001-dotnet-WebClient\001-dotnet-WebClient.csproj", "{A77F639B-EA35-4519-9DBF-54687E5AC895}"
EndProject
Project("{FAE04EC0-301F-11D3-BF4B-00C04F79EFBC}") = "002-dotnet-SemanticKernel-plugin", "examples\002-dotnet-SemanticKernel-plugin\002-dotnet-SemanticKernel-plugin.csproj", "{BCBEE522-6B4F-4C79-9E91-A34F4CCBF036}"
EndProject
Project("{FAE04EC0-301F-11D3-BF4B-00C04F79EFBC}") = "003-dotnet-Serverless", "examples\003-dotnet-Serverless\003-dotnet-Serverless.csproj", "{6627ACE2-14FA-4A8E-A03C-0E4710B5411E}"
EndProject
Project("{FAE04EC0-301F-11D3-BF4B-00C04F79EFBC}") = "004-dotnet-serverless-custom-pipeline", "examples\004-dotnet-serverless-custom-pipeline\004-dotnet-serverless-custom-pipeline.csproj", "{158F5D5D-818B-4346-9A79-1C27C2F2144D}"
EndProject
Project("{FAE04EC0-301F-11D3-BF4B-00C04F79EFBC}") = "005-dotnet-async-memory-custom-pipeline", "examples\005-dotnet-async-memory-custom-pipeline\005-dotnet-async-memory-custom-pipeline.csproj", "{A5CE3CB2-F746-4832-B239-1A3226F9BD48}"
EndProject
Project("{FAE04EC0-301F-11D3-BF4B-00C04F79EFBC}") = "101-dotnet-custom-Prompts", "examples\101-dotnet-custom-Prompts\101-dotnet-custom-Prompts.csproj", "{6ABCC373-F472-4A34-9C78-4A324DDED207}"
EndProject
Project("{FAE04EC0-301F-11D3-BF4B-00C04F79EFBC}") = "102-dotnet-custom-partitioning-options", "examples\102-dotnet-custom-partitioning-options\102-dotnet-custom-partitioning-options.csproj", "{5E727FC9-ACE2-4028-AAA7-5BCECCE5010B}"
EndProject
Project("{FAE04EC0-301F-11D3-BF4B-00C04F79EFBC}") = "103-dotnet-custom-EmbeddingGenerator", "examples\103-dotnet-custom-EmbeddingGenerator\103-dotnet-custom-EmbeddingGenerator.csproj", "{55082AEB-0DEF-41F2-9616-DBDC22360379}"
EndProject
Project("{FAE04EC0-301F-11D3-BF4B-00C04F79EFBC}") = "104-dotnet-custom-LLM", "examples\104-dotnet-custom-LLM\104-dotnet-custom-LLM.csproj", "{34FA6EE2-26FE-44D6-8F91-6A5E5A06074B}"
EndProject
Project("{FAE04EC0-301F-11D3-BF4B-00C04F79EFBC}") = "105-dotnet-serverless-llamasharp", "examples\105-dotnet-serverless-llamasharp\105-dotnet-serverless-llamasharp.csproj", "{E762B1C6-4B5B-487A-BF8C-C6870D6EACB7}"
EndProject
Project("{FAE04EC0-301F-11D3-BF4B-00C04F79EFBC}") = "106-dotnet-retrieve-synthetics", "examples\106-dotnet-retrieve-synthetics\106-dotnet-retrieve-synthetics.csproj", "{EDFDA12E-BA10-4A00-BBE7-1C10A0B0F1A6}"
EndProject
Project("{FAE04EC0-301F-11D3-BF4B-00C04F79EFBC}") = "201-dotnet-serverless-custom-handler", "examples\201-dotnet-serverless-custom-handler\201-dotnet-serverless-custom-handler.csproj", "{791E3E2E-133C-4EB5-AB5E-10D31F0A9807}"
EndProject
Project("{FAE04EC0-301F-11D3-BF4B-00C04F79EFBC}") = "202-dotnet-custom-handler-as-a-service", "examples\202-dotnet-custom-handler-as-a-service\202-dotnet-custom-handler-as-a-service.csproj", "{DE115127-C77F-40FF-BA5A-E888A32F2289}"
EndProject
Project("{FAE04EC0-301F-11D3-BF4B-00C04F79EFBC}") = "203-dotnet-using-core-nuget", "examples\203-dotnet-using-core-nuget\203-dotnet-using-core-nuget.csproj", "{1B41A9A1-0B57-4297-B579-D04FC0BA3227}"
EndProject
Project("{FAE04EC0-301F-11D3-BF4B-00C04F79EFBC}") = "204-dotnet-ASP.NET-MVC-integration", "examples\204-dotnet-ASP.NET-MVC-integration\204-dotnet-ASP.NET-MVC-integration.csproj", "{10A6C940-AECC-4CEF-963E-9908DDA816B2}"
EndProject
Project("{FAE04EC0-301F-11D3-BF4B-00C04F79EFBC}") = "205-dotnet-extract-text-from-docs", "examples\205-dotnet-extract-text-from-docs\205-dotnet-extract-text-from-docs.csproj", "{9202380E-D793-4C3C-89B3-3BE790925029}"
EndProject
Project("{FAE04EC0-301F-11D3-BF4B-00C04F79EFBC}") = "206-dotnet-configuration-and-logging", "examples\206-dotnet-configuration-and-logging\206-dotnet-configuration-and-logging.csproj", "{D7D8FCA0-BFC6-4B0E-9885-64C2EA90AA62}"
EndProject
Project("{FAE04EC0-301F-11D3-BF4B-00C04F79EFBC}") = "207-dotnet-expanding-chunks-on-retrieval", "examples\207-dotnet-expanding-chunks-on-retrieval\207-dotnet-expanding-chunks-on-retrieval.csproj", "{47CEEA8F-7858-4635-B902-4C704CF55EA0}"
EndProject
Project("{FAE04EC0-301F-11D3-BF4B-00C04F79EFBC}") = "AzureBlobs", "extensions\AzureBlobs\AzureBlobs.csproj", "{20FFF62D-5BA5-4126-A16C-C14E1FF35A4F}"
EndProject
Project("{FAE04EC0-301F-11D3-BF4B-00C04F79EFBC}") = "AzureQueues", "extensions\AzureQueues\AzureQueues.csproj", "{40CB6452-68DD-4C78-9852-78281A161950}"
EndProject
Project("{FAE04EC0-301F-11D3-BF4B-00C04F79EFBC}") = "AzureAIDocIntel", "extensions\AzureAIDocIntel\AzureAIDocIntel.csproj", "{CFE7C192-2561-40CC-8592-136293451EC1}"
EndProject
Project("{FAE04EC0-301F-11D3-BF4B-00C04F79EFBC}") = "AzureOpenAI", "extensions\AzureOpenAI\AzureOpenAI.csproj", "{93FA6DD6-D0B2-4751-8680-3F959E1F7AF2}"
EndProject
Project("{FAE04EC0-301F-11D3-BF4B-00C04F79EFBC}") = "AzureAISearch.TestApplication", "extensions\AzureAISearch\AzureAISearch.TestApplication\AzureAISearch.TestApplication.csproj", "{11445C36-1B94-4AFB-AC23-976C94924603}"
EndProject
Project("{FAE04EC0-301F-11D3-BF4B-00C04F79EFBC}") = "AzureAISearch", "extensions\AzureAISearch\AzureAISearch\AzureAISearch.csproj", "{8F2185AB-F87C-4DD0-9DB8-E97920500A37}"
EndProject
Project("{FAE04EC0-301F-11D3-BF4B-00C04F79EFBC}") = "AzureAISearch.FunctionalTests", "extensions\AzureAISearch\AzureAISearch.FunctionalTests\AzureAISearch.FunctionalTests.csproj", "{E2AD3323-42AA-47D5-87E4-1E90B0A7C6E9}"
EndProject
Project("{FAE04EC0-301F-11D3-BF4B-00C04F79EFBC}") = "AzureAISearch.UnitTests", "extensions\AzureAISearch\AzureAISearch.UnitTests\AzureAISearch.UnitTests.csproj", "{9F564F2D-EADD-47DE-9293-92B3E9CFFE36}"
EndProject
Project("{FAE04EC0-301F-11D3-BF4B-00C04F79EFBC}") = "Postgres", "extensions\Postgres\Postgres\Postgres.csproj", "{6577B501-E295-4DCE-B640-BF40C9881A00}"
EndProject
Project("{FAE04EC0-301F-11D3-BF4B-00C04F79EFBC}") = "Postgres.UnitTests", "extensions\Postgres\Postgres.UnitTests\Postgres.UnitTests.csproj", "{0675D9B5-B3BB-4C9A-A1A5-11540E2ED715}"
EndProject
Project("{FAE04EC0-301F-11D3-BF4B-00C04F79EFBC}") = "Postgres.TestApplication", "extensions\Postgres\Postgres.TestApplication\Postgres.TestApplication.csproj", "{E9EAD4A8-05B8-4138-8B17-E33127C83CF4}"
EndProject
Project("{FAE04EC0-301F-11D3-BF4B-00C04F79EFBC}") = "Postgres.FunctionalTests", "extensions\Postgres\Postgres.FunctionalTests\Postgres.FunctionalTests.csproj", "{14106EE4-AB77-494D-B16A-3EC042539456}"
EndProject
Project("{FAE04EC0-301F-11D3-BF4B-00C04F79EFBC}") = "LlamaSharp", "extensions\LlamaSharp\LlamaSharp\LlamaSharp.csproj", "{969625B8-039F-4E5E-A484-6A30DC417FBB}"
EndProject
Project("{FAE04EC0-301F-11D3-BF4B-00C04F79EFBC}") = "LlamaSharp.FunctionalTests", "extensions\LlamaSharp\LlamaSharp.FunctionalTests\LlamaSharp.FunctionalTests.csproj", "{9D3C9277-648D-441D-834D-565076EE2E87}"
EndProject
Project("{FAE04EC0-301F-11D3-BF4B-00C04F79EFBC}") = "Redis.TestApplication", "extensions\Redis\Redis.TestApplication\Redis.TestApplication.csproj", "{CCA96699-483E-4B2A-95DF-25F0C98E3BB6}"
EndProject
Project("{FAE04EC0-301F-11D3-BF4B-00C04F79EFBC}") = "Redis", "extensions\Redis\Redis\Redis.csproj", "{F25BC232-6161-4D45-8AFF-E92A52F0F85A}"
EndProject
Project("{FAE04EC0-301F-11D3-BF4B-00C04F79EFBC}") = "Redis.FunctionalTests", "extensions\Redis\Redis.FunctionalTests\Redis.FunctionalTests.csproj", "{C8A18E8F-34CC-4226-9831-083335DAB21A}"
EndProject
Project("{FAE04EC0-301F-11D3-BF4B-00C04F79EFBC}") = "Qdrant", "extensions\Qdrant\Qdrant\Qdrant.csproj", "{9D078C9B-42A3-4558-898A-2396F59A54D3}"
EndProject
Project("{FAE04EC0-301F-11D3-BF4B-00C04F79EFBC}") = "Qdrant.UnitTests", "extensions\Qdrant\Qdrant.UnitTests\Qdrant.UnitTests.csproj", "{9FB79D60-E87E-420A-984D-C4D5DD2C3125}"
EndProject
Project("{FAE04EC0-301F-11D3-BF4B-00C04F79EFBC}") = "Qdrant.TestApplication", "extensions\Qdrant\Qdrant.TestApplication\Qdrant.TestApplication.csproj", "{3897E2B7-85A3-4D69-B1C0-AEF41236F940}"
EndProject
Project("{FAE04EC0-301F-11D3-BF4B-00C04F79EFBC}") = "Qdrant.FunctionalTests", "extensions\Qdrant\Qdrant.FunctionalTests\Qdrant.FunctionalTests.csproj", "{62B96766-AA6C-4CFF-A6FB-6370C89C2509}"
EndProject
Project("{FAE04EC0-301F-11D3-BF4B-00C04F79EFBC}") = "RabbitMQ", "extensions\RabbitMQ\RabbitMQ.csproj", "{E3877E49-958E-4DC8-B5E8-834010F5C4B7}"
EndProject
Project("{FAE04EC0-301F-11D3-BF4B-00C04F79EFBC}") = "OpenAI", "extensions\OpenAI\OpenAI.csproj", "{A6AE31A1-4F60-47B0-8534-7B083D68118C}"
EndProject
Project("{FAE04EC0-301F-11D3-BF4B-00C04F79EFBC}") = "SQLServer.FunctionalTests", "extensions\SQLServer\SQLServer.FunctionalTests\SQLServer.FunctionalTests.csproj", "{668A48B7-F600-4056-B47E-3200893C0404}"
EndProject
Project("{FAE04EC0-301F-11D3-BF4B-00C04F79EFBC}") = "Elasticsearch.FunctionalTests", "extensions\Elasticsearch\Elasticsearch.FunctionalTests\Elasticsearch.FunctionalTests.csproj", "{C089DE42-9D39-4633-AC0C-5034BA0B98E1}"
EndProject
Project("{FAE04EC0-301F-11D3-BF4B-00C04F79EFBC}") = "MongoDbAtlas", "extensions\MongoDbAtlas\MongoDbAtlas\MongoDbAtlas.csproj", "{4A539320-EB49-4688-82E1-4FA0ADBB3810}"
EndProject
Project("{FAE04EC0-301F-11D3-BF4B-00C04F79EFBC}") = "MongoDbAtlas.FunctionalTests", "extensions\MongoDbAtlas\MongoDbAtlas.FunctionalTests\MongoDbAtlas.FunctionalTests.csproj", "{8A602227-B291-4F1B-ACB8-237F49501B6A}"
EndProject
Project("{FAE04EC0-301F-11D3-BF4B-00C04F79EFBC}") = "107-dotnet-SemanticKernel-TextCompletion", "examples\107-dotnet-SemanticKernel-TextCompletion\107-dotnet-SemanticKernel-TextCompletion.csproj", "{494B8590-F0B2-4D40-A895-F9D7BDF26250}"
EndProject
Project("{FAE04EC0-301F-11D3-BF4B-00C04F79EFBC}") = "208-dotnet-lmstudio", "examples\208-dotnet-lmstudio\208-dotnet-lmstudio.csproj", "{BC8057DA-CB40-4308-96FB-EF0100822BAD}"
EndProject
Global
	GlobalSection(SolutionConfigurationPlatforms) = preSolution
		Debug|Any CPU = Debug|Any CPU
		Release|Any CPU = Release|Any CPU
	EndGlobalSection
	GlobalSection(NestedProjects) = preSolution
		{3AAD973E-2FDC-4C89-94BA-4F6671C2F23A} = {5E7DD43D-B5E7-4827-B57D-447E5B428589}
		{4AE9DB51-2A22-4FB3-A780-838738566D18} = {5E7DD43D-B5E7-4827-B57D-447E5B428589}
		{C03BC9FE-5301-43EE-B912-1363F430DBA0} = {CA49F1A1-C3FA-4E99-ACB3-D7FF33D47976}
		{F7609330-E97E-422C-8983-EC501B2DDC52} = {371BB479-AA1C-41CB-BF07-24C363601289}
		{D04A01C0-EF1B-49B2-B6AB-8AC635566E6A} = {371BB479-AA1C-41CB-BF07-24C363601289}
		{8A9FA587-7EBA-4D43-BE47-38D798B1C74C} = {87DEAE8D-138C-4FDD-B4C9-11C3A7817E8F}
		{27910ADC-5A28-4EB4-A16E-974B91940758} = {87DEAE8D-138C-4FDD-B4C9-11C3A7817E8F}
		{1071A8B6-ED76-4E46-A291-E0563B9C4575} = {87DEAE8D-138C-4FDD-B4C9-11C3A7817E8F}
		{CA1D9162-D4C5-490D-AAD5-7A9A23092C28} = {0A43C65C-6007-4BB4-B3FE-8D439FC91841}
		{C93FCED9-808A-4B03-9B4C-0DBAE46D5BDD} = {0A43C65C-6007-4BB4-B3FE-8D439FC91841}
		{2C4D5F14-CCFC-4913-B884-B2FF9067BEFF} = {0A43C65C-6007-4BB4-B3FE-8D439FC91841}
		{A77F639B-EA35-4519-9DBF-54687E5AC895} = {0A43C65C-6007-4BB4-B3FE-8D439FC91841}
		{BCBEE522-6B4F-4C79-9E91-A34F4CCBF036} = {0A43C65C-6007-4BB4-B3FE-8D439FC91841}
		{6627ACE2-14FA-4A8E-A03C-0E4710B5411E} = {0A43C65C-6007-4BB4-B3FE-8D439FC91841}
		{158F5D5D-818B-4346-9A79-1C27C2F2144D} = {0A43C65C-6007-4BB4-B3FE-8D439FC91841}
		{6ABCC373-F472-4A34-9C78-4A324DDED207} = {0A43C65C-6007-4BB4-B3FE-8D439FC91841}
		{5E727FC9-ACE2-4028-AAA7-5BCECCE5010B} = {0A43C65C-6007-4BB4-B3FE-8D439FC91841}
		{55082AEB-0DEF-41F2-9616-DBDC22360379} = {0A43C65C-6007-4BB4-B3FE-8D439FC91841}
		{34FA6EE2-26FE-44D6-8F91-6A5E5A06074B} = {0A43C65C-6007-4BB4-B3FE-8D439FC91841}
		{791E3E2E-133C-4EB5-AB5E-10D31F0A9807} = {0A43C65C-6007-4BB4-B3FE-8D439FC91841}
		{DE115127-C77F-40FF-BA5A-E888A32F2289} = {0A43C65C-6007-4BB4-B3FE-8D439FC91841}
		{1B41A9A1-0B57-4297-B579-D04FC0BA3227} = {0A43C65C-6007-4BB4-B3FE-8D439FC91841}
		{10A6C940-AECC-4CEF-963E-9908DDA816B2} = {0A43C65C-6007-4BB4-B3FE-8D439FC91841}
		{9202380E-D793-4C3C-89B3-3BE790925029} = {0A43C65C-6007-4BB4-B3FE-8D439FC91841}
		{E762B1C6-4B5B-487A-BF8C-C6870D6EACB7} = {0A43C65C-6007-4BB4-B3FE-8D439FC91841}
		{EDFDA12E-BA10-4A00-BBE7-1C10A0B0F1A6} = {0A43C65C-6007-4BB4-B3FE-8D439FC91841}
		{BCD0255F-2F35-4B6D-BBF2-2FB43B6F95FA} = {5E7DD43D-B5E7-4827-B57D-447E5B428589}
		{20FFF62D-5BA5-4126-A16C-C14E1FF35A4F} = {155DA079-E267-49AF-973A-D1D44681970F}
		{40CB6452-68DD-4C78-9852-78281A161950} = {155DA079-E267-49AF-973A-D1D44681970F}
		{E3877E49-958E-4DC8-B5E8-834010F5C4B7} = {155DA079-E267-49AF-973A-D1D44681970F}
		{6577B501-E295-4DCE-B640-BF40C9881A00} = {155DA079-E267-49AF-973A-D1D44681970F}
		{CFE7C192-2561-40CC-8592-136293451EC1} = {155DA079-E267-49AF-973A-D1D44681970F}
		{93FA6DD6-D0B2-4751-8680-3F959E1F7AF2} = {155DA079-E267-49AF-973A-D1D44681970F}
		{A6AE31A1-4F60-47B0-8534-7B083D68118C} = {155DA079-E267-49AF-973A-D1D44681970F}
		{969625B8-039F-4E5E-A484-6A30DC417FBB} = {155DA079-E267-49AF-973A-D1D44681970F}
		{F25BC232-6161-4D45-8AFF-E92A52F0F85A} = {155DA079-E267-49AF-973A-D1D44681970F}
		{C4AFA538-8939-4525-A361-665833947F72} = {5E7DD43D-B5E7-4827-B57D-447E5B428589}
		{9D078C9B-42A3-4558-898A-2396F59A54D3} = {155DA079-E267-49AF-973A-D1D44681970F}
		{8F2185AB-F87C-4DD0-9DB8-E97920500A37} = {155DA079-E267-49AF-973A-D1D44681970F}
		{3C17F42B-CFC8-4900-8CFB-88936311E919} = {5E7DD43D-B5E7-4827-B57D-447E5B428589}
		{11445C36-1B94-4AFB-AC23-976C94924603} = {3C17F42B-CFC8-4900-8CFB-88936311E919}
		{E2AD3323-42AA-47D5-87E4-1E90B0A7C6E9} = {3C17F42B-CFC8-4900-8CFB-88936311E919}
		{0675D9B5-B3BB-4C9A-A1A5-11540E2ED715} = {3C17F42B-CFC8-4900-8CFB-88936311E919}
		{E9EAD4A8-05B8-4138-8B17-E33127C83CF4} = {3C17F42B-CFC8-4900-8CFB-88936311E919}
		{14106EE4-AB77-494D-B16A-3EC042539456} = {3C17F42B-CFC8-4900-8CFB-88936311E919}
		{3897E2B7-85A3-4D69-B1C0-AEF41236F940} = {3C17F42B-CFC8-4900-8CFB-88936311E919}
		{9FB79D60-E87E-420A-984D-C4D5DD2C3125} = {3C17F42B-CFC8-4900-8CFB-88936311E919}
		{CCA96699-483E-4B2A-95DF-25F0C98E3BB6} = {3C17F42B-CFC8-4900-8CFB-88936311E919}
		{62B96766-AA6C-4CFF-A6FB-6370C89C2509} = {3C17F42B-CFC8-4900-8CFB-88936311E919}
		{989061F4-164F-4D98-A3F9-601BC40EE216} = {5E7DD43D-B5E7-4827-B57D-447E5B428589}
		{668A48B7-F600-4056-B47E-3200893C0404} = {3C17F42B-CFC8-4900-8CFB-88936311E919}
		{C8A18E8F-34CC-4226-9831-083335DAB21A} = {3C17F42B-CFC8-4900-8CFB-88936311E919}
		{9D3C9277-648D-441D-834D-565076EE2E87} = {3C17F42B-CFC8-4900-8CFB-88936311E919}
		{C089DE42-9D39-4633-AC0C-5034BA0B98E1} = {3C17F42B-CFC8-4900-8CFB-88936311E919}
		{9F564F2D-EADD-47DE-9293-92B3E9CFFE36} = {3C17F42B-CFC8-4900-8CFB-88936311E919}
		{B8976338-7CDC-47AE-8502-C2FBAFBEBD68} = {6EF76FD8-4C35-4370-8539-5DDF45357A50}
		{D7D8FCA0-BFC6-4B0E-9885-64C2EA90AA62} = {0A43C65C-6007-4BB4-B3FE-8D439FC91841}
		{47CEEA8F-7858-4635-B902-4C704CF55EA0} = {0A43C65C-6007-4BB4-B3FE-8D439FC91841}
		{48E79819-1E9E-4075-90DA-BAEC761C89B2} = {B8976338-7CDC-47AE-8502-C2FBAFBEBD68}
		{A5CE3CB2-F746-4832-B239-1A3226F9BD48} = {0A43C65C-6007-4BB4-B3FE-8D439FC91841}
		{4A539320-EB49-4688-82E1-4FA0ADBB3810} = {155DA079-E267-49AF-973A-D1D44681970F}
		{8A602227-B291-4F1B-ACB8-237F49501B6A} = {3C17F42B-CFC8-4900-8CFB-88936311E919}
		{494B8590-F0B2-4D40-A895-F9D7BDF26250} = {0A43C65C-6007-4BB4-B3FE-8D439FC91841}
		{BC8057DA-CB40-4308-96FB-EF0100822BAD} = {0A43C65C-6007-4BB4-B3FE-8D439FC91841}
	EndGlobalSection
	GlobalSection(ProjectConfigurationPlatforms) = postSolution
		{8A9FA587-7EBA-4D43-BE47-38D798B1C74C}.Debug|Any CPU.ActiveCfg = Debug|Any CPU
		{8A9FA587-7EBA-4D43-BE47-38D798B1C74C}.Debug|Any CPU.Build.0 = Debug|Any CPU
		{8A9FA587-7EBA-4D43-BE47-38D798B1C74C}.Release|Any CPU.ActiveCfg = Release|Any CPU
		{8A9FA587-7EBA-4D43-BE47-38D798B1C74C}.Release|Any CPU.Build.0 = Release|Any CPU
		{27910ADC-5A28-4EB4-A16E-974B91940758}.Debug|Any CPU.ActiveCfg = Debug|Any CPU
		{27910ADC-5A28-4EB4-A16E-974B91940758}.Debug|Any CPU.Build.0 = Debug|Any CPU
		{27910ADC-5A28-4EB4-A16E-974B91940758}.Release|Any CPU.ActiveCfg = Release|Any CPU
		{27910ADC-5A28-4EB4-A16E-974B91940758}.Release|Any CPU.Build.0 = Release|Any CPU
		{1071A8B6-ED76-4E46-A291-E0563B9C4575}.Debug|Any CPU.ActiveCfg = Debug|Any CPU
		{1071A8B6-ED76-4E46-A291-E0563B9C4575}.Debug|Any CPU.Build.0 = Debug|Any CPU
		{1071A8B6-ED76-4E46-A291-E0563B9C4575}.Release|Any CPU.ActiveCfg = Release|Any CPU
		{1071A8B6-ED76-4E46-A291-E0563B9C4575}.Release|Any CPU.Build.0 = Release|Any CPU
		{3AAD973E-2FDC-4C89-94BA-4F6671C2F23A}.Debug|Any CPU.ActiveCfg = Debug|Any CPU
		{3AAD973E-2FDC-4C89-94BA-4F6671C2F23A}.Debug|Any CPU.Build.0 = Debug|Any CPU
		{3AAD973E-2FDC-4C89-94BA-4F6671C2F23A}.Release|Any CPU.ActiveCfg = Release|Any CPU
		{4AE9DB51-2A22-4FB3-A780-838738566D18}.Debug|Any CPU.ActiveCfg = Debug|Any CPU
		{4AE9DB51-2A22-4FB3-A780-838738566D18}.Debug|Any CPU.Build.0 = Debug|Any CPU
		{4AE9DB51-2A22-4FB3-A780-838738566D18}.Release|Any CPU.ActiveCfg = Release|Any CPU
		{F7609330-E97E-422C-8983-EC501B2DDC52}.Debug|Any CPU.ActiveCfg = Debug|Any CPU
		{F7609330-E97E-422C-8983-EC501B2DDC52}.Debug|Any CPU.Build.0 = Debug|Any CPU
		{F7609330-E97E-422C-8983-EC501B2DDC52}.Release|Any CPU.ActiveCfg = Release|Any CPU
		{F7609330-E97E-422C-8983-EC501B2DDC52}.Release|Any CPU.Build.0 = Release|Any CPU
		{C03BC9FE-5301-43EE-B912-1363F430DBA0}.Debug|Any CPU.ActiveCfg = Debug|Any CPU
		{C03BC9FE-5301-43EE-B912-1363F430DBA0}.Debug|Any CPU.Build.0 = Debug|Any CPU
		{C03BC9FE-5301-43EE-B912-1363F430DBA0}.Release|Any CPU.ActiveCfg = Release|Any CPU
		{C03BC9FE-5301-43EE-B912-1363F430DBA0}.Release|Any CPU.Build.0 = Release|Any CPU
		{D04A01C0-EF1B-49B2-B6AB-8AC635566E6A}.Debug|Any CPU.ActiveCfg = Debug|Any CPU
		{D04A01C0-EF1B-49B2-B6AB-8AC635566E6A}.Debug|Any CPU.Build.0 = Debug|Any CPU
		{D04A01C0-EF1B-49B2-B6AB-8AC635566E6A}.Release|Any CPU.ActiveCfg = Release|Any CPU
		{D04A01C0-EF1B-49B2-B6AB-8AC635566E6A}.Release|Any CPU.Build.0 = Release|Any CPU
		{A77F639B-EA35-4519-9DBF-54687E5AC895}.Debug|Any CPU.ActiveCfg = Debug|Any CPU
		{A77F639B-EA35-4519-9DBF-54687E5AC895}.Debug|Any CPU.Build.0 = Debug|Any CPU
		{A77F639B-EA35-4519-9DBF-54687E5AC895}.Release|Any CPU.ActiveCfg = Release|Any CPU
		{BCBEE522-6B4F-4C79-9E91-A34F4CCBF036}.Debug|Any CPU.ActiveCfg = Debug|Any CPU
		{BCBEE522-6B4F-4C79-9E91-A34F4CCBF036}.Debug|Any CPU.Build.0 = Debug|Any CPU
		{BCBEE522-6B4F-4C79-9E91-A34F4CCBF036}.Release|Any CPU.ActiveCfg = Release|Any CPU
		{6627ACE2-14FA-4A8E-A03C-0E4710B5411E}.Debug|Any CPU.ActiveCfg = Debug|Any CPU
		{6627ACE2-14FA-4A8E-A03C-0E4710B5411E}.Debug|Any CPU.Build.0 = Debug|Any CPU
		{6627ACE2-14FA-4A8E-A03C-0E4710B5411E}.Release|Any CPU.ActiveCfg = Release|Any CPU
		{158F5D5D-818B-4346-9A79-1C27C2F2144D}.Debug|Any CPU.ActiveCfg = Debug|Any CPU
		{158F5D5D-818B-4346-9A79-1C27C2F2144D}.Debug|Any CPU.Build.0 = Debug|Any CPU
		{158F5D5D-818B-4346-9A79-1C27C2F2144D}.Release|Any CPU.ActiveCfg = Release|Any CPU
		{6ABCC373-F472-4A34-9C78-4A324DDED207}.Debug|Any CPU.ActiveCfg = Debug|Any CPU
		{6ABCC373-F472-4A34-9C78-4A324DDED207}.Debug|Any CPU.Build.0 = Debug|Any CPU
		{6ABCC373-F472-4A34-9C78-4A324DDED207}.Release|Any CPU.ActiveCfg = Release|Any CPU
		{5E727FC9-ACE2-4028-AAA7-5BCECCE5010B}.Debug|Any CPU.ActiveCfg = Debug|Any CPU
		{5E727FC9-ACE2-4028-AAA7-5BCECCE5010B}.Debug|Any CPU.Build.0 = Debug|Any CPU
		{5E727FC9-ACE2-4028-AAA7-5BCECCE5010B}.Release|Any CPU.ActiveCfg = Release|Any CPU
		{55082AEB-0DEF-41F2-9616-DBDC22360379}.Debug|Any CPU.ActiveCfg = Debug|Any CPU
		{55082AEB-0DEF-41F2-9616-DBDC22360379}.Debug|Any CPU.Build.0 = Debug|Any CPU
		{55082AEB-0DEF-41F2-9616-DBDC22360379}.Release|Any CPU.ActiveCfg = Release|Any CPU
		{34FA6EE2-26FE-44D6-8F91-6A5E5A06074B}.Debug|Any CPU.ActiveCfg = Debug|Any CPU
		{34FA6EE2-26FE-44D6-8F91-6A5E5A06074B}.Debug|Any CPU.Build.0 = Debug|Any CPU
		{34FA6EE2-26FE-44D6-8F91-6A5E5A06074B}.Release|Any CPU.ActiveCfg = Release|Any CPU
		{791E3E2E-133C-4EB5-AB5E-10D31F0A9807}.Debug|Any CPU.ActiveCfg = Debug|Any CPU
		{791E3E2E-133C-4EB5-AB5E-10D31F0A9807}.Debug|Any CPU.Build.0 = Debug|Any CPU
		{791E3E2E-133C-4EB5-AB5E-10D31F0A9807}.Release|Any CPU.ActiveCfg = Release|Any CPU
		{DE115127-C77F-40FF-BA5A-E888A32F2289}.Debug|Any CPU.ActiveCfg = Debug|Any CPU
		{DE115127-C77F-40FF-BA5A-E888A32F2289}.Debug|Any CPU.Build.0 = Debug|Any CPU
		{DE115127-C77F-40FF-BA5A-E888A32F2289}.Release|Any CPU.ActiveCfg = Release|Any CPU
		{1B41A9A1-0B57-4297-B579-D04FC0BA3227}.Debug|Any CPU.ActiveCfg = Debug|Any CPU
		{1B41A9A1-0B57-4297-B579-D04FC0BA3227}.Debug|Any CPU.Build.0 = Debug|Any CPU
		{1B41A9A1-0B57-4297-B579-D04FC0BA3227}.Release|Any CPU.ActiveCfg = Release|Any CPU
		{10A6C940-AECC-4CEF-963E-9908DDA816B2}.Debug|Any CPU.ActiveCfg = Debug|Any CPU
		{10A6C940-AECC-4CEF-963E-9908DDA816B2}.Debug|Any CPU.Build.0 = Debug|Any CPU
		{10A6C940-AECC-4CEF-963E-9908DDA816B2}.Release|Any CPU.ActiveCfg = Release|Any CPU
		{9202380E-D793-4C3C-89B3-3BE790925029}.Debug|Any CPU.ActiveCfg = Debug|Any CPU
		{9202380E-D793-4C3C-89B3-3BE790925029}.Debug|Any CPU.Build.0 = Debug|Any CPU
		{9202380E-D793-4C3C-89B3-3BE790925029}.Release|Any CPU.ActiveCfg = Release|Any CPU
		{E762B1C6-4B5B-487A-BF8C-C6870D6EACB7}.Debug|Any CPU.ActiveCfg = Debug|Any CPU
		{E762B1C6-4B5B-487A-BF8C-C6870D6EACB7}.Debug|Any CPU.Build.0 = Debug|Any CPU
		{E762B1C6-4B5B-487A-BF8C-C6870D6EACB7}.Release|Any CPU.ActiveCfg = Release|Any CPU
		{EDFDA12E-BA10-4A00-BBE7-1C10A0B0F1A6}.Debug|Any CPU.ActiveCfg = Debug|Any CPU
		{EDFDA12E-BA10-4A00-BBE7-1C10A0B0F1A6}.Debug|Any CPU.Build.0 = Debug|Any CPU
		{EDFDA12E-BA10-4A00-BBE7-1C10A0B0F1A6}.Release|Any CPU.ActiveCfg = Release|Any CPU
		{BCD0255F-2F35-4B6D-BBF2-2FB43B6F95FA}.Debug|Any CPU.ActiveCfg = Debug|Any CPU
		{BCD0255F-2F35-4B6D-BBF2-2FB43B6F95FA}.Debug|Any CPU.Build.0 = Debug|Any CPU
		{BCD0255F-2F35-4B6D-BBF2-2FB43B6F95FA}.Release|Any CPU.ActiveCfg = Release|Any CPU
		{20FFF62D-5BA5-4126-A16C-C14E1FF35A4F}.Debug|Any CPU.ActiveCfg = Debug|Any CPU
		{20FFF62D-5BA5-4126-A16C-C14E1FF35A4F}.Debug|Any CPU.Build.0 = Debug|Any CPU
		{20FFF62D-5BA5-4126-A16C-C14E1FF35A4F}.Release|Any CPU.ActiveCfg = Release|Any CPU
		{20FFF62D-5BA5-4126-A16C-C14E1FF35A4F}.Release|Any CPU.Build.0 = Release|Any CPU
		{40CB6452-68DD-4C78-9852-78281A161950}.Debug|Any CPU.ActiveCfg = Debug|Any CPU
		{40CB6452-68DD-4C78-9852-78281A161950}.Debug|Any CPU.Build.0 = Debug|Any CPU
		{40CB6452-68DD-4C78-9852-78281A161950}.Release|Any CPU.ActiveCfg = Release|Any CPU
		{40CB6452-68DD-4C78-9852-78281A161950}.Release|Any CPU.Build.0 = Release|Any CPU
		{E3877E49-958E-4DC8-B5E8-834010F5C4B7}.Debug|Any CPU.ActiveCfg = Debug|Any CPU
		{E3877E49-958E-4DC8-B5E8-834010F5C4B7}.Debug|Any CPU.Build.0 = Debug|Any CPU
		{E3877E49-958E-4DC8-B5E8-834010F5C4B7}.Release|Any CPU.ActiveCfg = Release|Any CPU
		{E3877E49-958E-4DC8-B5E8-834010F5C4B7}.Release|Any CPU.Build.0 = Release|Any CPU
		{6577B501-E295-4DCE-B640-BF40C9881A00}.Debug|Any CPU.ActiveCfg = Debug|Any CPU
		{6577B501-E295-4DCE-B640-BF40C9881A00}.Debug|Any CPU.Build.0 = Debug|Any CPU
		{6577B501-E295-4DCE-B640-BF40C9881A00}.Release|Any CPU.ActiveCfg = Release|Any CPU
		{6577B501-E295-4DCE-B640-BF40C9881A00}.Release|Any CPU.Build.0 = Release|Any CPU
		{CFE7C192-2561-40CC-8592-136293451EC1}.Debug|Any CPU.ActiveCfg = Debug|Any CPU
		{CFE7C192-2561-40CC-8592-136293451EC1}.Debug|Any CPU.Build.0 = Debug|Any CPU
		{CFE7C192-2561-40CC-8592-136293451EC1}.Release|Any CPU.ActiveCfg = Release|Any CPU
		{CFE7C192-2561-40CC-8592-136293451EC1}.Release|Any CPU.Build.0 = Release|Any CPU
		{93FA6DD6-D0B2-4751-8680-3F959E1F7AF2}.Debug|Any CPU.ActiveCfg = Debug|Any CPU
		{93FA6DD6-D0B2-4751-8680-3F959E1F7AF2}.Debug|Any CPU.Build.0 = Debug|Any CPU
		{93FA6DD6-D0B2-4751-8680-3F959E1F7AF2}.Release|Any CPU.ActiveCfg = Release|Any CPU
		{93FA6DD6-D0B2-4751-8680-3F959E1F7AF2}.Release|Any CPU.Build.0 = Release|Any CPU
		{A6AE31A1-4F60-47B0-8534-7B083D68118C}.Debug|Any CPU.ActiveCfg = Debug|Any CPU
		{A6AE31A1-4F60-47B0-8534-7B083D68118C}.Debug|Any CPU.Build.0 = Debug|Any CPU
		{A6AE31A1-4F60-47B0-8534-7B083D68118C}.Release|Any CPU.ActiveCfg = Release|Any CPU
		{A6AE31A1-4F60-47B0-8534-7B083D68118C}.Release|Any CPU.Build.0 = Release|Any CPU
		{969625B8-039F-4E5E-A484-6A30DC417FBB}.Debug|Any CPU.ActiveCfg = Debug|Any CPU
		{969625B8-039F-4E5E-A484-6A30DC417FBB}.Debug|Any CPU.Build.0 = Debug|Any CPU
		{969625B8-039F-4E5E-A484-6A30DC417FBB}.Release|Any CPU.ActiveCfg = Release|Any CPU
		{969625B8-039F-4E5E-A484-6A30DC417FBB}.Release|Any CPU.Build.0 = Release|Any CPU
		{0675D9B5-B3BB-4C9A-A1A5-11540E2ED715}.Debug|Any CPU.ActiveCfg = Debug|Any CPU
		{0675D9B5-B3BB-4C9A-A1A5-11540E2ED715}.Debug|Any CPU.Build.0 = Debug|Any CPU
		{0675D9B5-B3BB-4C9A-A1A5-11540E2ED715}.Release|Any CPU.ActiveCfg = Release|Any CPU
		{CCA96699-483E-4B2A-95DF-25F0C98E3BB6}.Debug|Any CPU.ActiveCfg = Debug|Any CPU
		{CCA96699-483E-4B2A-95DF-25F0C98E3BB6}.Debug|Any CPU.Build.0 = Debug|Any CPU
		{CCA96699-483E-4B2A-95DF-25F0C98E3BB6}.Release|Any CPU.ActiveCfg = Release|Any CPU
		{F25BC232-6161-4D45-8AFF-E92A52F0F85A}.Debug|Any CPU.ActiveCfg = Debug|Any CPU
		{F25BC232-6161-4D45-8AFF-E92A52F0F85A}.Debug|Any CPU.Build.0 = Debug|Any CPU
		{F25BC232-6161-4D45-8AFF-E92A52F0F85A}.Release|Any CPU.ActiveCfg = Release|Any CPU
		{F25BC232-6161-4D45-8AFF-E92A52F0F85A}.Release|Any CPU.Build.0 = Release|Any CPU
		{C4AFA538-8939-4525-A361-665833947F72}.Debug|Any CPU.ActiveCfg = Debug|Any CPU
		{C4AFA538-8939-4525-A361-665833947F72}.Debug|Any CPU.Build.0 = Debug|Any CPU
		{C4AFA538-8939-4525-A361-665833947F72}.Release|Any CPU.ActiveCfg = Release|Any CPU
		{E9EAD4A8-05B8-4138-8B17-E33127C83CF4}.Debug|Any CPU.ActiveCfg = Debug|Any CPU
		{E9EAD4A8-05B8-4138-8B17-E33127C83CF4}.Debug|Any CPU.Build.0 = Debug|Any CPU
		{E9EAD4A8-05B8-4138-8B17-E33127C83CF4}.Release|Any CPU.ActiveCfg = Release|Any CPU
		{9D078C9B-42A3-4558-898A-2396F59A54D3}.Debug|Any CPU.ActiveCfg = Debug|Any CPU
		{9D078C9B-42A3-4558-898A-2396F59A54D3}.Debug|Any CPU.Build.0 = Debug|Any CPU
		{9D078C9B-42A3-4558-898A-2396F59A54D3}.Release|Any CPU.ActiveCfg = Release|Any CPU
		{9D078C9B-42A3-4558-898A-2396F59A54D3}.Release|Any CPU.Build.0 = Release|Any CPU
		{9FB79D60-E87E-420A-984D-C4D5DD2C3125}.Debug|Any CPU.ActiveCfg = Debug|Any CPU
		{9FB79D60-E87E-420A-984D-C4D5DD2C3125}.Debug|Any CPU.Build.0 = Debug|Any CPU
		{9FB79D60-E87E-420A-984D-C4D5DD2C3125}.Release|Any CPU.ActiveCfg = Release|Any CPU
		{3897E2B7-85A3-4D69-B1C0-AEF41236F940}.Debug|Any CPU.ActiveCfg = Debug|Any CPU
		{3897E2B7-85A3-4D69-B1C0-AEF41236F940}.Debug|Any CPU.Build.0 = Debug|Any CPU
		{3897E2B7-85A3-4D69-B1C0-AEF41236F940}.Release|Any CPU.ActiveCfg = Release|Any CPU
		{11445C36-1B94-4AFB-AC23-976C94924603}.Debug|Any CPU.ActiveCfg = Debug|Any CPU
		{11445C36-1B94-4AFB-AC23-976C94924603}.Debug|Any CPU.Build.0 = Debug|Any CPU
		{11445C36-1B94-4AFB-AC23-976C94924603}.Release|Any CPU.ActiveCfg = Release|Any CPU
		{8F2185AB-F87C-4DD0-9DB8-E97920500A37}.Debug|Any CPU.ActiveCfg = Debug|Any CPU
		{8F2185AB-F87C-4DD0-9DB8-E97920500A37}.Debug|Any CPU.Build.0 = Debug|Any CPU
		{8F2185AB-F87C-4DD0-9DB8-E97920500A37}.Release|Any CPU.ActiveCfg = Release|Any CPU
		{8F2185AB-F87C-4DD0-9DB8-E97920500A37}.Release|Any CPU.Build.0 = Release|Any CPU
		{14106EE4-AB77-494D-B16A-3EC042539456}.Debug|Any CPU.ActiveCfg = Debug|Any CPU
		{14106EE4-AB77-494D-B16A-3EC042539456}.Debug|Any CPU.Build.0 = Debug|Any CPU
		{14106EE4-AB77-494D-B16A-3EC042539456}.Release|Any CPU.ActiveCfg = Release|Any CPU
		{E2AD3323-42AA-47D5-87E4-1E90B0A7C6E9}.Debug|Any CPU.ActiveCfg = Debug|Any CPU
		{E2AD3323-42AA-47D5-87E4-1E90B0A7C6E9}.Debug|Any CPU.Build.0 = Debug|Any CPU
		{E2AD3323-42AA-47D5-87E4-1E90B0A7C6E9}.Release|Any CPU.ActiveCfg = Release|Any CPU
		{62B96766-AA6C-4CFF-A6FB-6370C89C2509}.Debug|Any CPU.ActiveCfg = Debug|Any CPU
		{62B96766-AA6C-4CFF-A6FB-6370C89C2509}.Debug|Any CPU.Build.0 = Debug|Any CPU
		{62B96766-AA6C-4CFF-A6FB-6370C89C2509}.Release|Any CPU.ActiveCfg = Release|Any CPU
		{989061F4-164F-4D98-A3F9-601BC40EE216}.Debug|Any CPU.ActiveCfg = Debug|Any CPU
		{989061F4-164F-4D98-A3F9-601BC40EE216}.Debug|Any CPU.Build.0 = Debug|Any CPU
		{989061F4-164F-4D98-A3F9-601BC40EE216}.Release|Any CPU.ActiveCfg = Release|Any CPU
		{668A48B7-F600-4056-B47E-3200893C0404}.Debug|Any CPU.ActiveCfg = Debug|Any CPU
		{668A48B7-F600-4056-B47E-3200893C0404}.Debug|Any CPU.Build.0 = Debug|Any CPU
		{668A48B7-F600-4056-B47E-3200893C0404}.Release|Any CPU.ActiveCfg = Release|Any CPU
		{C8A18E8F-34CC-4226-9831-083335DAB21A}.Debug|Any CPU.ActiveCfg = Debug|Any CPU
		{C8A18E8F-34CC-4226-9831-083335DAB21A}.Debug|Any CPU.Build.0 = Debug|Any CPU
		{C8A18E8F-34CC-4226-9831-083335DAB21A}.Release|Any CPU.ActiveCfg = Release|Any CPU
		{9D3C9277-648D-441D-834D-565076EE2E87}.Debug|Any CPU.ActiveCfg = Debug|Any CPU
		{9D3C9277-648D-441D-834D-565076EE2E87}.Debug|Any CPU.Build.0 = Debug|Any CPU
		{9D3C9277-648D-441D-834D-565076EE2E87}.Release|Any CPU.ActiveCfg = Release|Any CPU
		{C089DE42-9D39-4633-AC0C-5034BA0B98E1}.Debug|Any CPU.ActiveCfg = Debug|Any CPU
		{C089DE42-9D39-4633-AC0C-5034BA0B98E1}.Debug|Any CPU.Build.0 = Debug|Any CPU
		{C089DE42-9D39-4633-AC0C-5034BA0B98E1}.Release|Any CPU.ActiveCfg = Release|Any CPU
		{9F564F2D-EADD-47DE-9293-92B3E9CFFE36}.Debug|Any CPU.ActiveCfg = Debug|Any CPU
		{9F564F2D-EADD-47DE-9293-92B3E9CFFE36}.Debug|Any CPU.Build.0 = Debug|Any CPU
		{9F564F2D-EADD-47DE-9293-92B3E9CFFE36}.Release|Any CPU.ActiveCfg = Release|Any CPU
		{D7D8FCA0-BFC6-4B0E-9885-64C2EA90AA62}.Debug|Any CPU.ActiveCfg = Debug|Any CPU
		{D7D8FCA0-BFC6-4B0E-9885-64C2EA90AA62}.Debug|Any CPU.Build.0 = Debug|Any CPU
		{D7D8FCA0-BFC6-4B0E-9885-64C2EA90AA62}.Release|Any CPU.ActiveCfg = Release|Any CPU
		{47CEEA8F-7858-4635-B902-4C704CF55EA0}.Debug|Any CPU.ActiveCfg = Debug|Any CPU
		{47CEEA8F-7858-4635-B902-4C704CF55EA0}.Debug|Any CPU.Build.0 = Debug|Any CPU
		{47CEEA8F-7858-4635-B902-4C704CF55EA0}.Release|Any CPU.ActiveCfg = Release|Any CPU
		{A5CE3CB2-F746-4832-B239-1A3226F9BD48}.Debug|Any CPU.ActiveCfg = Debug|Any CPU
		{A5CE3CB2-F746-4832-B239-1A3226F9BD48}.Debug|Any CPU.Build.0 = Debug|Any CPU
		{A5CE3CB2-F746-4832-B239-1A3226F9BD48}.Release|Any CPU.ActiveCfg = Release|Any CPU
		{4A539320-EB49-4688-82E1-4FA0ADBB3810}.Debug|Any CPU.ActiveCfg = Debug|Any CPU
		{4A539320-EB49-4688-82E1-4FA0ADBB3810}.Debug|Any CPU.Build.0 = Debug|Any CPU
		{4A539320-EB49-4688-82E1-4FA0ADBB3810}.Release|Any CPU.ActiveCfg = Release|Any CPU
		{4A539320-EB49-4688-82E1-4FA0ADBB3810}.Release|Any CPU.Build.0 = Release|Any CPU
		{8A602227-B291-4F1B-ACB8-237F49501B6A}.Debug|Any CPU.ActiveCfg = Debug|Any CPU
		{8A602227-B291-4F1B-ACB8-237F49501B6A}.Debug|Any CPU.Build.0 = Debug|Any CPU
		{8A602227-B291-4F1B-ACB8-237F49501B6A}.Release|Any CPU.ActiveCfg = Release|Any CPU
		{494B8590-F0B2-4D40-A895-F9D7BDF26250}.Debug|Any CPU.ActiveCfg = Debug|Any CPU
		{494B8590-F0B2-4D40-A895-F9D7BDF26250}.Debug|Any CPU.Build.0 = Debug|Any CPU
		{494B8590-F0B2-4D40-A895-F9D7BDF26250}.Release|Any CPU.ActiveCfg = Release|Any CPU
		{BC8057DA-CB40-4308-96FB-EF0100822BAD}.Debug|Any CPU.ActiveCfg = Debug|Any CPU
		{BC8057DA-CB40-4308-96FB-EF0100822BAD}.Debug|Any CPU.Build.0 = Debug|Any CPU
		{BC8057DA-CB40-4308-96FB-EF0100822BAD}.Release|Any CPU.ActiveCfg = Release|Any CPU
	EndGlobalSection
EndGlobal
