Microsoft Visual Studio Solution File, Format Version 12.00
# Visual Studio Version 17
VisualStudioVersion = 17.9.34310.174
MinimumVisualStudioVersion = 10.0.40219.1
Project("{2150E333-8FDC-42A3-9474-1A3956D46DE8}") = "clients", "clients", "{371BB479-AA1C-41CB-BF07-24C363601289}"
EndProject
Project("{2150E333-8FDC-42A3-9474-1A3956D46DE8}") = "docs", "docs", "{7BA7F1B2-19E2-46EB-B000-513EE2F65769}"
	ProjectSection(SolutionItems) = preProject
		docs\404.html = docs\404.html
		docs\concepts.md = docs\concepts.md
		docs\csharp.png = docs\csharp.png
		docs\extensions.md = docs\extensions.md
		docs\FAQ.md = docs\FAQ.md
		docs\favicon.png = docs\favicon.png
		docs\features.md = docs\features.md
		docs\Gemfile = docs\Gemfile
		docs\Gemfile.lock = docs\Gemfile.lock
		docs\how-tos.md = docs\how-tos.md
		docs\index.md = docs\index.md
		docs\java.png = docs\java.png
		docs\logo.png = docs\logo.png
		docs\network.png = docs\network.png
		docs\packages.md = docs\packages.md
		docs\python.png = docs\python.png
		docs\quickstart-dotnet-run.png = docs\quickstart-dotnet-run.png
		docs\quickstart-swagger.png = docs\quickstart-swagger.png
		docs\quickstart.md = docs\quickstart.md
		docs\run.cmd = docs\run.cmd
		docs\security.md = docs\security.md
		docs\serverless.md = docs\serverless.md
		docs\service.md = docs\service.md
		docs\_config.local.yml = docs\_config.local.yml
		docs\_config.yml = docs\_config.yml
		docs\azure.md = docs\azure.md
	EndProjectSection
EndProject
Project("{2150E333-8FDC-42A3-9474-1A3956D46DE8}") = "examples", "examples", "{0A43C65C-6007-4BB4-B3FE-8D439FC91841}"
	ProjectSection(SolutionItems) = preProject
		examples\README.md = examples\README.md
	EndProjectSection
EndProject
Project("{2150E333-8FDC-42A3-9474-1A3956D46DE8}") = "000-notebooks", "000-notebooks", "{C93FCED9-808A-4B03-9B4C-0DBAE46D5BDD}"
	ProjectSection(SolutionItems) = preProject
		examples\000-notebooks\001-upload-and-ask.ipynb = examples\000-notebooks\001-upload-and-ask.ipynb
		examples\000-notebooks\002-semantic-kernel-plugin.ipynb = examples\000-notebooks\002-semantic-kernel-plugin.ipynb
		examples\000-notebooks\appsettings.json = examples\000-notebooks\appsettings.json
		examples\000-notebooks\NASA-news.pdf = examples\000-notebooks\NASA-news.pdf
		examples\000-notebooks\sample-KM-Readme.pdf = examples\000-notebooks\sample-KM-Readme.pdf
	EndProjectSection
EndProject
Project("{2150E333-8FDC-42A3-9474-1A3956D46DE8}") = "006-curl-calling-webservice", "006-curl-calling-webservice", "{CA1D9162-D4C5-490D-AAD5-7A9A23092C28}"
	ProjectSection(SolutionItems) = preProject
		examples\006-curl-calling-webservice\ask-example.sh = examples\006-curl-calling-webservice\ask-example.sh
		examples\006-curl-calling-webservice\README.md = examples\006-curl-calling-webservice\README.md
		examples\006-curl-calling-webservice\search-example.sh = examples\006-curl-calling-webservice\search-example.sh
		examples\006-curl-calling-webservice\test.pdf = examples\006-curl-calling-webservice\test.pdf
		examples\006-curl-calling-webservice\upload-example.sh = examples\006-curl-calling-webservice\upload-example.sh
	EndProjectSection
EndProject
Project("{2150E333-8FDC-42A3-9474-1A3956D46DE8}") = "200-dotnet-nl2sql", "200-dotnet-nl2sql", "{2C4D5F14-CCFC-4913-B884-B2FF9067BEFF}"
	ProjectSection(SolutionItems) = preProject
		examples\200-dotnet-nl2sql\README.md = examples\200-dotnet-nl2sql\README.md
	EndProjectSection
EndProject
Project("{2150E333-8FDC-42A3-9474-1A3956D46DE8}") = "extensions", "extensions", "{155DA079-E267-49AF-973A-D1D44681970F}"
EndProject
Project("{2150E333-8FDC-42A3-9474-1A3956D46DE8}") = "root", "root", "{6EF76FD8-4C35-4370-8539-5DDF45357A50}"
	ProjectSection(SolutionItems) = preProject
		.dockerignore = .dockerignore
		.editorconfig = .editorconfig
		.gitattributes = .gitattributes
		.gitignore = .gitignore
		CODE_OF_CONDUCT.md = CODE_OF_CONDUCT.md
		COMMUNITY.md = COMMUNITY.md
		CONTRIBUTING.md = CONTRIBUTING.md
		Directory.Build.props = Directory.Build.props
		Directory.Packages.props = Directory.Packages.props
		Dockerfile = Dockerfile
		LICENSE = LICENSE
		nuget.config = nuget.config
		README.md = README.md
		SECURITY.md = SECURITY.md
		KernelMemory.sln.DotSettings = KernelMemory.sln.DotSettings
		azure.yaml = azure.yaml
	EndProjectSection
EndProject
Project("{2150E333-8FDC-42A3-9474-1A3956D46DE8}") = ".github", ".github", "{B8976338-7CDC-47AE-8502-C2FBAFBEBD68}"
	ProjectSection(SolutionItems) = preProject
		.github\dependabot.yml = .github\dependabot.yml
		.github\pull_request_template.md = .github\pull_request_template.md
		.github\_typos.toml = .github\_typos.toml
	EndProjectSection
EndProject
Project("{2150E333-8FDC-42A3-9474-1A3956D46DE8}") = "workflows", "workflows", "{48E79819-1E9E-4075-90DA-BAEC761C89B2}"
	ProjectSection(SolutionItems) = preProject
		.github\workflows\docker-build-push.yml = .github\workflows\docker-build-push.yml
		.github\workflows\github-pages-jekyll.yml = .github\workflows\github-pages-jekyll.yml
		.github\workflows\spell-check-with-typos.yml = .github\workflows\spell-check-with-typos.yml
		.github\workflows\dotnet-unit-tests.yml = .github\workflows\dotnet-unit-tests.yml
		.github\workflows\dotnet-build.yml = .github\workflows\dotnet-build.yml
	EndProjectSection
EndProject
Project("{2150E333-8FDC-42A3-9474-1A3956D46DE8}") = "service", "service", "{87DEAE8D-138C-4FDD-B4C9-11C3A7817E8F}"
EndProject
Project("{2150E333-8FDC-42A3-9474-1A3956D46DE8}") = "tests", "tests", "{5E7DD43D-B5E7-4827-B57D-447E5B428589}"
EndProject
Project("{2150E333-8FDC-42A3-9474-1A3956D46DE8}") = "extensions", "extensions", "{3C17F42B-CFC8-4900-8CFB-88936311E919}"
EndProject
Project("{2150E333-8FDC-42A3-9474-1A3956D46DE8}") = "tools", "tools", "{CA49F1A1-C3FA-4E99-ACB3-D7FF33D47976}"
	ProjectSection(SolutionItems) = preProject
		tools\ask.sh = tools\ask.sh
		tools\README.md = tools\README.md
		tools\run-elasticsearch.sh = tools\run-elasticsearch.sh
		tools\run-mongodb-atlas.sh = tools\run-mongodb-atlas.sh
		tools\run-mssql.sh = tools\run-mssql.sh
		tools\run-qdrant.sh = tools\run-qdrant.sh
		tools\run-rabbitmq.sh = tools\run-rabbitmq.sh
		tools\run-redis.sh = tools\run-redis.sh
		tools\search.sh = tools\search.sh
		tools\upload-file.sh = tools\upload-file.sh
		tools\run-s3ninja.sh = tools\run-s3ninja.sh
	EndProjectSection
EndProject
Project("{9A19103F-16F7-4668-BE54-9A1E7A4F7556}") = "Abstractions", "service\Abstractions\Abstractions.csproj", "{8A9FA587-7EBA-4D43-BE47-38D798B1C74C}"
EndProject
Project("{9A19103F-16F7-4668-BE54-9A1E7A4F7556}") = "Abstractions.UnitTests", "service\tests\Abstractions.UnitTests\Abstractions.UnitTests.csproj", "{C4AFA538-8939-4525-A361-665833947F72}"
EndProject
Project("{9A19103F-16F7-4668-BE54-9A1E7A4F7556}") = "Core", "service\Core\Core.csproj", "{27910ADC-5A28-4EB4-A16E-974B91940758}"
EndProject
Project("{9A19103F-16F7-4668-BE54-9A1E7A4F7556}") = "Core.UnitTests", "service\tests\Core.UnitTests\Core.UnitTests.csproj", "{4AE9DB51-2A22-4FB3-A780-838738566D18}"
EndProject
Project("{9A19103F-16F7-4668-BE54-9A1E7A4F7556}") = "Core.FunctionalTests", "service\tests\Core.FunctionalTests\Core.FunctionalTests.csproj", "{3AAD973E-2FDC-4C89-94BA-4F6671C2F23A}"
EndProject
Project("{9A19103F-16F7-4668-BE54-9A1E7A4F7556}") = "Service", "service\Service\Service.csproj", "{1071A8B6-ED76-4E46-A291-E0563B9C4575}"
EndProject
Project("{9A19103F-16F7-4668-BE54-9A1E7A4F7556}") = "Service.FunctionalTests", "service\tests\Service.FunctionalTests\Service.FunctionalTests.csproj", "{BCD0255F-2F35-4B6D-BBF2-2FB43B6F95FA}"
EndProject
Project("{9A19103F-16F7-4668-BE54-9A1E7A4F7556}") = "TestHelpers", "service\tests\TestHelpers\TestHelpers.csproj", "{989061F4-164F-4D98-A3F9-601BC40EE216}"
EndProject
Project("{9A19103F-16F7-4668-BE54-9A1E7A4F7556}") = "InteractiveSetup", "tools\InteractiveSetup\InteractiveSetup.csproj", "{C03BC9FE-5301-43EE-B912-1363F430DBA0}"
EndProject
Project("{9A19103F-16F7-4668-BE54-9A1E7A4F7556}") = "SemanticKernelPlugin", "clients\dotnet\SemanticKernelPlugin\SemanticKernelPlugin.csproj", "{F7609330-E97E-422C-8983-EC501B2DDC52}"
EndProject
Project("{9A19103F-16F7-4668-BE54-9A1E7A4F7556}") = "WebClient", "clients\dotnet\WebClient\WebClient.csproj", "{D04A01C0-EF1B-49B2-B6AB-8AC635566E6A}"
EndProject
Project("{9A19103F-16F7-4668-BE54-9A1E7A4F7556}") = "001-dotnet-WebClient", "examples\001-dotnet-WebClient\001-dotnet-WebClient.csproj", "{A77F639B-EA35-4519-9DBF-54687E5AC895}"
EndProject
Project("{9A19103F-16F7-4668-BE54-9A1E7A4F7556}") = "002-dotnet-Serverless", "examples\002-dotnet-Serverless\002-dotnet-Serverless.csproj", "{6627ACE2-14FA-4A8E-A03C-0E4710B5411E}"
EndProject
Project("{9A19103F-16F7-4668-BE54-9A1E7A4F7556}") = "003-dotnet-SemanticKernel-plugin", "examples\003-dotnet-SemanticKernel-plugin\003-dotnet-SemanticKernel-plugin.csproj", "{BCBEE522-6B4F-4C79-9E91-A34F4CCBF036}"
EndProject
Project("{9A19103F-16F7-4668-BE54-9A1E7A4F7556}") = "004-dotnet-serverless-custom-pipeline", "examples\004-dotnet-serverless-custom-pipeline\004-dotnet-serverless-custom-pipeline.csproj", "{158F5D5D-818B-4346-9A79-1C27C2F2144D}"
EndProject
Project("{9A19103F-16F7-4668-BE54-9A1E7A4F7556}") = "005-dotnet-async-memory-custom-pipeline", "examples\005-dotnet-async-memory-custom-pipeline\005-dotnet-async-memory-custom-pipeline.csproj", "{A5CE3CB2-F746-4832-B239-1A3226F9BD48}"
EndProject
Project("{9A19103F-16F7-4668-BE54-9A1E7A4F7556}") = "101-dotnet-custom-Prompts", "examples\101-dotnet-custom-Prompts\101-dotnet-custom-Prompts.csproj", "{6ABCC373-F472-4A34-9C78-4A324DDED207}"
EndProject
Project("{9A19103F-16F7-4668-BE54-9A1E7A4F7556}") = "102-dotnet-custom-partitioning-options", "examples\102-dotnet-custom-partitioning-options\102-dotnet-custom-partitioning-options.csproj", "{5E727FC9-ACE2-4028-AAA7-5BCECCE5010B}"
EndProject
Project("{9A19103F-16F7-4668-BE54-9A1E7A4F7556}") = "103-dotnet-custom-EmbeddingGenerator", "examples\103-dotnet-custom-EmbeddingGenerator\103-dotnet-custom-EmbeddingGenerator.csproj", "{55082AEB-0DEF-41F2-9616-DBDC22360379}"
EndProject
Project("{9A19103F-16F7-4668-BE54-9A1E7A4F7556}") = "104-dotnet-custom-LLM", "examples\104-dotnet-custom-LLM\104-dotnet-custom-LLM.csproj", "{34FA6EE2-26FE-44D6-8F91-6A5E5A06074B}"
EndProject
Project("{9A19103F-16F7-4668-BE54-9A1E7A4F7556}") = "105-dotnet-serverless-llamasharp", "examples\105-dotnet-serverless-llamasharp\105-dotnet-serverless-llamasharp.csproj", "{E762B1C6-4B5B-487A-BF8C-C6870D6EACB7}"
EndProject
Project("{9A19103F-16F7-4668-BE54-9A1E7A4F7556}") = "106-dotnet-retrieve-synthetics", "examples\106-dotnet-retrieve-synthetics\106-dotnet-retrieve-synthetics.csproj", "{EDFDA12E-BA10-4A00-BBE7-1C10A0B0F1A6}"
EndProject
Project("{9A19103F-16F7-4668-BE54-9A1E7A4F7556}") = "201-dotnet-serverless-custom-handler", "examples\201-dotnet-serverless-custom-handler\201-dotnet-serverless-custom-handler.csproj", "{791E3E2E-133C-4EB5-AB5E-10D31F0A9807}"
EndProject
Project("{9A19103F-16F7-4668-BE54-9A1E7A4F7556}") = "202-dotnet-custom-handler-as-a-service", "examples\202-dotnet-custom-handler-as-a-service\202-dotnet-custom-handler-as-a-service.csproj", "{DE115127-C77F-40FF-BA5A-E888A32F2289}"
EndProject
Project("{9A19103F-16F7-4668-BE54-9A1E7A4F7556}") = "203-dotnet-using-core-nuget", "examples\203-dotnet-using-core-nuget\203-dotnet-using-core-nuget.csproj", "{1B41A9A1-0B57-4297-B579-D04FC0BA3227}"
EndProject
Project("{9A19103F-16F7-4668-BE54-9A1E7A4F7556}") = "204-dotnet-ASP.NET-MVC-integration", "examples\204-dotnet-ASP.NET-MVC-integration\204-dotnet-ASP.NET-MVC-integration.csproj", "{10A6C940-AECC-4CEF-963E-9908DDA816B2}"
EndProject
Project("{9A19103F-16F7-4668-BE54-9A1E7A4F7556}") = "205-dotnet-extract-text-from-docs", "examples\205-dotnet-extract-text-from-docs\205-dotnet-extract-text-from-docs.csproj", "{9202380E-D793-4C3C-89B3-3BE790925029}"
EndProject
Project("{9A19103F-16F7-4668-BE54-9A1E7A4F7556}") = "206-dotnet-configuration-and-logging", "examples\206-dotnet-configuration-and-logging\206-dotnet-configuration-and-logging.csproj", "{D7D8FCA0-BFC6-4B0E-9885-64C2EA90AA62}"
EndProject
Project("{9A19103F-16F7-4668-BE54-9A1E7A4F7556}") = "207-dotnet-expanding-chunks-on-retrieval", "examples\207-dotnet-expanding-chunks-on-retrieval\207-dotnet-expanding-chunks-on-retrieval.csproj", "{47CEEA8F-7858-4635-B902-4C704CF55EA0}"
EndProject
Project("{9A19103F-16F7-4668-BE54-9A1E7A4F7556}") = "AzureBlobs", "extensions\AzureBlobs\AzureBlobs.csproj", "{20FFF62D-5BA5-4126-A16C-C14E1FF35A4F}"
EndProject
Project("{9A19103F-16F7-4668-BE54-9A1E7A4F7556}") = "AzureQueues", "extensions\AzureQueues\AzureQueues.csproj", "{40CB6452-68DD-4C78-9852-78281A161950}"
EndProject
Project("{9A19103F-16F7-4668-BE54-9A1E7A4F7556}") = "AzureAIDocIntel", "extensions\AzureAIDocIntel\AzureAIDocIntel.csproj", "{CFE7C192-2561-40CC-8592-136293451EC1}"
EndProject
Project("{9A19103F-16F7-4668-BE54-9A1E7A4F7556}") = "AzureOpenAI", "extensions\AzureOpenAI\AzureOpenAI.csproj", "{93FA6DD6-D0B2-4751-8680-3F959E1F7AF2}"
EndProject
Project("{9A19103F-16F7-4668-BE54-9A1E7A4F7556}") = "AzureAISearch.TestApplication", "extensions\AzureAISearch\AzureAISearch.TestApplication\AzureAISearch.TestApplication.csproj", "{11445C36-1B94-4AFB-AC23-976C94924603}"
EndProject
Project("{9A19103F-16F7-4668-BE54-9A1E7A4F7556}") = "AzureAISearch", "extensions\AzureAISearch\AzureAISearch\AzureAISearch.csproj", "{8F2185AB-F87C-4DD0-9DB8-E97920500A37}"
EndProject
Project("{9A19103F-16F7-4668-BE54-9A1E7A4F7556}") = "AzureAISearch.FunctionalTests", "extensions\AzureAISearch\AzureAISearch.FunctionalTests\AzureAISearch.FunctionalTests.csproj", "{E2AD3323-42AA-47D5-87E4-1E90B0A7C6E9}"
EndProject
Project("{9A19103F-16F7-4668-BE54-9A1E7A4F7556}") = "AzureAISearch.UnitTests", "extensions\AzureAISearch\AzureAISearch.UnitTests\AzureAISearch.UnitTests.csproj", "{9F564F2D-EADD-47DE-9293-92B3E9CFFE36}"
EndProject
Project("{9A19103F-16F7-4668-BE54-9A1E7A4F7556}") = "Postgres", "extensions\Postgres\Postgres\Postgres.csproj", "{6577B501-E295-4DCE-B640-BF40C9881A00}"
EndProject
Project("{9A19103F-16F7-4668-BE54-9A1E7A4F7556}") = "Postgres.UnitTests", "extensions\Postgres\Postgres.UnitTests\Postgres.UnitTests.csproj", "{0675D9B5-B3BB-4C9A-A1A5-11540E2ED715}"
EndProject
Project("{9A19103F-16F7-4668-BE54-9A1E7A4F7556}") = "Postgres.TestApplication", "extensions\Postgres\Postgres.TestApplication\Postgres.TestApplication.csproj", "{E9EAD4A8-05B8-4138-8B17-E33127C83CF4}"
EndProject
Project("{9A19103F-16F7-4668-BE54-9A1E7A4F7556}") = "Postgres.FunctionalTests", "extensions\Postgres\Postgres.FunctionalTests\Postgres.FunctionalTests.csproj", "{14106EE4-AB77-494D-B16A-3EC042539456}"
EndProject
Project("{9A19103F-16F7-4668-BE54-9A1E7A4F7556}") = "LlamaSharp", "extensions\LlamaSharp\LlamaSharp\LlamaSharp.csproj", "{969625B8-039F-4E5E-A484-6A30DC417FBB}"
EndProject
Project("{9A19103F-16F7-4668-BE54-9A1E7A4F7556}") = "LlamaSharp.FunctionalTests", "extensions\LlamaSharp\LlamaSharp.FunctionalTests\LlamaSharp.FunctionalTests.csproj", "{9D3C9277-648D-441D-834D-565076EE2E87}"
EndProject
Project("{9A19103F-16F7-4668-BE54-9A1E7A4F7556}") = "Redis.TestApplication", "extensions\Redis\Redis.TestApplication\Redis.TestApplication.csproj", "{CCA96699-483E-4B2A-95DF-25F0C98E3BB6}"
EndProject
Project("{9A19103F-16F7-4668-BE54-9A1E7A4F7556}") = "Redis", "extensions\Redis\Redis\Redis.csproj", "{F25BC232-6161-4D45-8AFF-E92A52F0F85A}"
EndProject
Project("{9A19103F-16F7-4668-BE54-9A1E7A4F7556}") = "Redis.FunctionalTests", "extensions\Redis\Redis.FunctionalTests\Redis.FunctionalTests.csproj", "{C8A18E8F-34CC-4226-9831-083335DAB21A}"
EndProject
Project("{9A19103F-16F7-4668-BE54-9A1E7A4F7556}") = "Qdrant", "extensions\Qdrant\Qdrant\Qdrant.csproj", "{9D078C9B-42A3-4558-898A-2396F59A54D3}"
EndProject
Project("{9A19103F-16F7-4668-BE54-9A1E7A4F7556}") = "Qdrant.UnitTests", "extensions\Qdrant\Qdrant.UnitTests\Qdrant.UnitTests.csproj", "{9FB79D60-E87E-420A-984D-C4D5DD2C3125}"
EndProject
Project("{9A19103F-16F7-4668-BE54-9A1E7A4F7556}") = "Qdrant.TestApplication", "extensions\Qdrant\Qdrant.TestApplication\Qdrant.TestApplication.csproj", "{3897E2B7-85A3-4D69-B1C0-AEF41236F940}"
EndProject
Project("{9A19103F-16F7-4668-BE54-9A1E7A4F7556}") = "Qdrant.FunctionalTests", "extensions\Qdrant\Qdrant.FunctionalTests\Qdrant.FunctionalTests.csproj", "{62B96766-AA6C-4CFF-A6FB-6370C89C2509}"
EndProject
Project("{9A19103F-16F7-4668-BE54-9A1E7A4F7556}") = "RabbitMQ", "extensions\RabbitMQ\RabbitMQ.csproj", "{E3877E49-958E-4DC8-B5E8-834010F5C4B7}"
EndProject
Project("{9A19103F-16F7-4668-BE54-9A1E7A4F7556}") = "OpenAI", "extensions\OpenAI\OpenAI\OpenAI.csproj", "{A6AE31A1-4F60-47B0-8534-7B083D68118C}"
EndProject
Project("{9A19103F-16F7-4668-BE54-9A1E7A4F7556}") = "SQLServer.FunctionalTests", "extensions\SQLServer\SQLServer.FunctionalTests\SQLServer.FunctionalTests.csproj", "{668A48B7-F600-4056-B47E-3200893C0404}"
EndProject
Project("{9A19103F-16F7-4668-BE54-9A1E7A4F7556}") = "MongoDbAtlas", "extensions\MongoDbAtlas\MongoDbAtlas\MongoDbAtlas.csproj", "{4A539320-EB49-4688-82E1-4FA0ADBB3810}"
EndProject
Project("{9A19103F-16F7-4668-BE54-9A1E7A4F7556}") = "MongoDbAtlas.FunctionalTests", "extensions\MongoDbAtlas\MongoDbAtlas.FunctionalTests\MongoDbAtlas.FunctionalTests.csproj", "{8A602227-B291-4F1B-ACB8-237F49501B6A}"
EndProject
Project("{9A19103F-16F7-4668-BE54-9A1E7A4F7556}") = "107-dotnet-SemanticKernel-TextCompletion", "examples\107-dotnet-SemanticKernel-TextCompletion\107-dotnet-SemanticKernel-TextCompletion.csproj", "{494B8590-F0B2-4D40-A895-F9D7BDF26250}"
EndProject
Project("{9A19103F-16F7-4668-BE54-9A1E7A4F7556}") = "208-dotnet-lmstudio", "examples\208-dotnet-lmstudio\208-dotnet-lmstudio.csproj", "{BC8057DA-CB40-4308-96FB-EF0100822BAD}"
EndProject
Project("{9A19103F-16F7-4668-BE54-9A1E7A4F7556}") = "108-dotnet-custom-content-decoders", "examples\108-dotnet-custom-content-decoders\108-dotnet-custom-content-decoders.csproj", "{A5D7FC55-C9AB-493C-83FD-1966A86542FB}"
EndProject
Project("{9A19103F-16F7-4668-BE54-9A1E7A4F7556}") = "109-dotnet-custom-webscraper", "examples\109-dotnet-custom-webscraper\109-dotnet-custom-webscraper.csproj", "{8FB12876-013D-44CB-9F0D-E926D9F0F4E3}"
EndProject
Project("{2150E333-8FDC-42A3-9474-1A3956D46DE8}") = "infra", "infra", "{B488168B-AD86-4CC5-9D89-324B6EB743D9}"
	ProjectSection(SolutionItems) = preProject
		infra\build-main.json.sh = infra\build-main.json.sh
		infra\main.bicep = infra\main.bicep
		infra\main.json = infra\main.json
		infra\README.md = infra\README.md
		infra\AZD.md = infra\AZD.md
		infra\main.parameters.json = infra\main.parameters.json
	EndProjectSection
EndProject
Project("{2150E333-8FDC-42A3-9474-1A3956D46DE8}") = "modules", "modules", "{C2D3A947-B6F9-4306-BD42-21D8D1F42750}"
	ProjectSection(SolutionItems) = preProject
		infra\modules\ai-search.bicep = infra\modules\ai-search.bicep
		infra\modules\cognitive-services.bicep = infra\modules\cognitive-services.bicep
		infra\modules\container-app.bicep = infra\modules\container-app.bicep
		infra\modules\container-apps-environment.bicep = infra\modules\container-apps-environment.bicep
		infra\modules\managed-identity.bicep = infra\modules\managed-identity.bicep
		infra\modules\storage.bicep = infra\modules\storage.bicep
	EndProjectSection
EndProject
Project("{9A19103F-16F7-4668-BE54-9A1E7A4F7556}") = "Service.AspNetCore", "service\Service.AspNetCore\Service.AspNetCore.csproj", "{A46B0BE1-03F2-4520-A3DA-FD845BA1FD69}"
EndProject
Project("{9A19103F-16F7-4668-BE54-9A1E7A4F7556}") = "111-dotnet-azure-ai-hybrid-search", "examples\111-dotnet-azure-ai-hybrid-search\111-dotnet-azure-ai-hybrid-search.csproj", "{28534545-CB39-446A-9EB9-A5ABBFE0CFD3}"
EndProject
Project("{9A19103F-16F7-4668-BE54-9A1E7A4F7556}") = "OpenAI.UnitTests", "extensions\OpenAI\OpenAI.UnitTests\OpenAI.UnitTests.csproj", "{8ADA17CD-B779-4817-B10A-E9D7B019088D}"
EndProject
Project("{9A19103F-16F7-4668-BE54-9A1E7A4F7556}") = "SQLServer", "extensions\SQLServer\SQLServer\SQLServer.csproj", "{B9BE1099-F78F-4A5F-A897-BF2C75E19C57}"
EndProject
Project("{9A19103F-16F7-4668-BE54-9A1E7A4F7556}") = "Elasticsearch", "extensions\Elasticsearch\Elasticsearch\Elasticsearch.csproj", "{2E10420F-BF96-411C-8FE0-F6268F2EEB67}"
EndProject
Project("{9A19103F-16F7-4668-BE54-9A1E7A4F7556}") = "Elasticsearch.FunctionalTests", "extensions\Elasticsearch\Elasticsearch.FunctionalTests\Elasticsearch.FunctionalTests.csproj", "{C5E6B28C-F54D-423D-954D-A9EAEFB89732}"
EndProject
Project("{FAE04EC0-301F-11D3-BF4B-00C04F79EFBC}") = "Discord", "extensions\Discord\Discord\Discord.csproj", "{43877864-6AE8-4B03-BEDA-6B6FA8BB1D8B}"
EndProject
Project("{FAE04EC0-301F-11D3-BF4B-00C04F79EFBC}") = "301-discord-test-application", "examples\301-discord-test-application\301-discord-test-application.csproj", "{FAE4C6B8-38B2-43E7-8881-99693C9CEDC6}"
EndProject
Project("{2150E333-8FDC-42A3-9474-1A3956D46DE8}") = "applications", "applications", "{DBEA0A6B-474A-4E8C-BCC8-D5D43C063A54}"
EndProject
Project("{FAE04EC0-301F-11D3-BF4B-00C04F79EFBC}") = "Evaluation", "applications\evaluation\Evaluation.csproj", "{432AC1B4-8275-4284-9A44-44988A6F0C24}"
EndProject
Project("{FAE04EC0-301F-11D3-BF4B-00C04F79EFBC}") = "Anthropic", "extensions\Anthropic\Anthropic.csproj", "{A0C81A29-715F-463E-A243-7E45DB8AE53F}"
EndProject
Project("{FAE04EC0-301F-11D3-BF4B-00C04F79EFBC}") = "110-dotnet-anthropic", "examples\110-dotnet-anthropic\110-dotnet-anthropic.csproj", "{EE0D8645-2770-4E12-8E18-019B30970FE6}"
EndProject
Project("{FAE04EC0-301F-11D3-BF4B-00C04F79EFBC}") = "302-dotnet-sk-km-chat", "examples\302-dotnet-sk-km-chat\302-dotnet-sk-km-chat.csproj", "{37FA99CB-AD22-4BAC-B76F-961F84422DEE}"
EndProject
Project("{FAE04EC0-301F-11D3-BF4B-00C04F79EFBC}") = "401-evaluation", "examples\401-evaluation\401-evaluation.csproj", "{D1308C73-79B6-4635-B50D-420742D09C20}"
EndProject
Project("{FAE04EC0-301F-11D3-BF4B-00C04F79EFBC}") = "Evaluation.FunctionalTests", "applications\tests\Evaluation.Tests\Evaluation.FunctionalTests.csproj", "{C746CE00-8BAE-4B46-A757-FE85D68747CE}"
EndProject
Project("{FAE04EC0-301F-11D3-BF4B-00C04F79EFBC}") = "209-dotnet-using-context-overrides", "examples\209-dotnet-using-context-overrides\209-dotnet-using-context-overrides.csproj", "{06A507C7-46B9-4D36-B88B-B4E4A0E8C0AC}"
EndProject
Project("{FAE04EC0-301F-11D3-BF4B-00C04F79EFBC}") = "210-KM-without-builder", "examples\210-KM-without-builder\210-KM-without-builder.csproj", "{00A3DDF3-2230-4AEC-8B5B-B75F958D194B}"
EndProject
Project("{FAE04EC0-301F-11D3-BF4B-00C04F79EFBC}") = "S3", "extensions\AWS\S3\S3.csproj", "{5A14582B-C6D0-459E-BBB8-EA46CE8DC52E}"
EndProject
Project("{2150E333-8FDC-42A3-9474-1A3956D46DE8}") = "azure", "azure", "{795CD089-05A9-4800-B6FF-3243CAD7D41B}"
	ProjectSection(SolutionItems) = preProject
		docs\azure\architecture.md = docs\azure\architecture.md
		docs\azure\architecture.png = docs\azure\architecture.png
		docs\azure\async.png = docs\azure\async.png
		docs\azure\deployment.md = docs\azure\deployment.md
		docs\azure\diagram.png = docs\azure\diagram.png
		docs\azure\usage.md = docs\azure\usage.md
	EndProjectSection
EndProject
Project("{2150E333-8FDC-42A3-9474-1A3956D46DE8}") = "how-to", "how-to", "{6B992EFC-81B0-4E52-925F-41420BDC40B6}"
	ProjectSection(SolutionItems) = preProject
		docs\how-to\custom-partitioning.md = docs\how-to\custom-partitioning.md
		docs\how-to\custom-pipelines.md = docs\how-to\custom-pipelines.md
		docs\how-to\custom-prompts.md = docs\how-to\custom-prompts.md
		docs\how-to\hugging-face.md = docs\how-to\hugging-face.md
		docs\how-to\intent-detection.md = docs\how-to\intent-detection.md
		docs\how-to\multitenancy.md = docs\how-to\multitenancy.md
	EndProjectSection
EndProject
Project("{FAE04EC0-301F-11D3-BF4B-00C04F79EFBC}") = "211-dotnet-WebClient-Intent-Detection", "examples\211-dotnet-WebClient-Intent-Detection\211-dotnet-WebClient-Intent-Detection.csproj", "{84AEC1DD-CBAE-400A-949C-91BA373C587D}"
EndProject
Project("{FAE04EC0-301F-11D3-BF4B-00C04F79EFBC}") = "212-dotnet-ollama", "examples\212-dotnet-ollama\212-dotnet-ollama.csproj", "{B303885D-F64F-4EEB-B085-0014E863AF61}"
EndProject
Project("{FAE04EC0-301F-11D3-BF4B-00C04F79EFBC}") = "Ollama", "extensions\Ollama\Ollama\Ollama.csproj", "{F192513B-265B-4943-A2A9-44E23B15BA18}"
EndProject
Global
	GlobalSection(SolutionConfigurationPlatforms) = preSolution
		Debug|Any CPU = Debug|Any CPU
		Release|Any CPU = Release|Any CPU
	EndGlobalSection
	GlobalSection(ProjectConfigurationPlatforms) = postSolution
		{8A9FA587-7EBA-4D43-BE47-38D798B1C74C}.Debug|Any CPU.ActiveCfg = Debug|Any CPU
		{8A9FA587-7EBA-4D43-BE47-38D798B1C74C}.Debug|Any CPU.Build.0 = Debug|Any CPU
		{8A9FA587-7EBA-4D43-BE47-38D798B1C74C}.Release|Any CPU.ActiveCfg = Release|Any CPU
		{8A9FA587-7EBA-4D43-BE47-38D798B1C74C}.Release|Any CPU.Build.0 = Release|Any CPU
		{C4AFA538-8939-4525-A361-665833947F72}.Debug|Any CPU.ActiveCfg = Debug|Any CPU
		{C4AFA538-8939-4525-A361-665833947F72}.Debug|Any CPU.Build.0 = Debug|Any CPU
		{C4AFA538-8939-4525-A361-665833947F72}.Release|Any CPU.ActiveCfg = Release|Any CPU
		{27910ADC-5A28-4EB4-A16E-974B91940758}.Debug|Any CPU.ActiveCfg = Debug|Any CPU
		{27910ADC-5A28-4EB4-A16E-974B91940758}.Debug|Any CPU.Build.0 = Debug|Any CPU
		{27910ADC-5A28-4EB4-A16E-974B91940758}.Release|Any CPU.ActiveCfg = Release|Any CPU
		{27910ADC-5A28-4EB4-A16E-974B91940758}.Release|Any CPU.Build.0 = Release|Any CPU
		{4AE9DB51-2A22-4FB3-A780-838738566D18}.Debug|Any CPU.ActiveCfg = Debug|Any CPU
		{4AE9DB51-2A22-4FB3-A780-838738566D18}.Debug|Any CPU.Build.0 = Debug|Any CPU
		{4AE9DB51-2A22-4FB3-A780-838738566D18}.Release|Any CPU.ActiveCfg = Release|Any CPU
		{3AAD973E-2FDC-4C89-94BA-4F6671C2F23A}.Debug|Any CPU.ActiveCfg = Debug|Any CPU
		{3AAD973E-2FDC-4C89-94BA-4F6671C2F23A}.Debug|Any CPU.Build.0 = Debug|Any CPU
		{3AAD973E-2FDC-4C89-94BA-4F6671C2F23A}.Release|Any CPU.ActiveCfg = Release|Any CPU
		{1071A8B6-ED76-4E46-A291-E0563B9C4575}.Debug|Any CPU.ActiveCfg = Debug|Any CPU
		{1071A8B6-ED76-4E46-A291-E0563B9C4575}.Debug|Any CPU.Build.0 = Debug|Any CPU
		{1071A8B6-ED76-4E46-A291-E0563B9C4575}.Release|Any CPU.ActiveCfg = Release|Any CPU
		{1071A8B6-ED76-4E46-A291-E0563B9C4575}.Release|Any CPU.Build.0 = Release|Any CPU
		{BCD0255F-2F35-4B6D-BBF2-2FB43B6F95FA}.Debug|Any CPU.ActiveCfg = Debug|Any CPU
		{BCD0255F-2F35-4B6D-BBF2-2FB43B6F95FA}.Debug|Any CPU.Build.0 = Debug|Any CPU
		{BCD0255F-2F35-4B6D-BBF2-2FB43B6F95FA}.Release|Any CPU.ActiveCfg = Release|Any CPU
		{989061F4-164F-4D98-A3F9-601BC40EE216}.Debug|Any CPU.ActiveCfg = Debug|Any CPU
		{989061F4-164F-4D98-A3F9-601BC40EE216}.Debug|Any CPU.Build.0 = Debug|Any CPU
		{989061F4-164F-4D98-A3F9-601BC40EE216}.Release|Any CPU.ActiveCfg = Release|Any CPU
		{C03BC9FE-5301-43EE-B912-1363F430DBA0}.Debug|Any CPU.ActiveCfg = Debug|Any CPU
		{C03BC9FE-5301-43EE-B912-1363F430DBA0}.Debug|Any CPU.Build.0 = Debug|Any CPU
		{C03BC9FE-5301-43EE-B912-1363F430DBA0}.Release|Any CPU.ActiveCfg = Release|Any CPU
		{C03BC9FE-5301-43EE-B912-1363F430DBA0}.Release|Any CPU.Build.0 = Release|Any CPU
		{F7609330-E97E-422C-8983-EC501B2DDC52}.Debug|Any CPU.ActiveCfg = Debug|Any CPU
		{F7609330-E97E-422C-8983-EC501B2DDC52}.Debug|Any CPU.Build.0 = Debug|Any CPU
		{F7609330-E97E-422C-8983-EC501B2DDC52}.Release|Any CPU.ActiveCfg = Release|Any CPU
		{F7609330-E97E-422C-8983-EC501B2DDC52}.Release|Any CPU.Build.0 = Release|Any CPU
		{D04A01C0-EF1B-49B2-B6AB-8AC635566E6A}.Debug|Any CPU.ActiveCfg = Debug|Any CPU
		{D04A01C0-EF1B-49B2-B6AB-8AC635566E6A}.Debug|Any CPU.Build.0 = Debug|Any CPU
		{D04A01C0-EF1B-49B2-B6AB-8AC635566E6A}.Release|Any CPU.ActiveCfg = Release|Any CPU
		{D04A01C0-EF1B-49B2-B6AB-8AC635566E6A}.Release|Any CPU.Build.0 = Release|Any CPU
		{A77F639B-EA35-4519-9DBF-54687E5AC895}.Debug|Any CPU.ActiveCfg = Debug|Any CPU
		{A77F639B-EA35-4519-9DBF-54687E5AC895}.Debug|Any CPU.Build.0 = Debug|Any CPU
		{A77F639B-EA35-4519-9DBF-54687E5AC895}.Release|Any CPU.ActiveCfg = Release|Any CPU
		{6627ACE2-14FA-4A8E-A03C-0E4710B5411E}.Debug|Any CPU.ActiveCfg = Debug|Any CPU
		{6627ACE2-14FA-4A8E-A03C-0E4710B5411E}.Debug|Any CPU.Build.0 = Debug|Any CPU
		{6627ACE2-14FA-4A8E-A03C-0E4710B5411E}.Release|Any CPU.ActiveCfg = Release|Any CPU
		{BCBEE522-6B4F-4C79-9E91-A34F4CCBF036}.Debug|Any CPU.ActiveCfg = Debug|Any CPU
		{BCBEE522-6B4F-4C79-9E91-A34F4CCBF036}.Debug|Any CPU.Build.0 = Debug|Any CPU
		{BCBEE522-6B4F-4C79-9E91-A34F4CCBF036}.Release|Any CPU.ActiveCfg = Release|Any CPU
		{158F5D5D-818B-4346-9A79-1C27C2F2144D}.Debug|Any CPU.ActiveCfg = Debug|Any CPU
		{158F5D5D-818B-4346-9A79-1C27C2F2144D}.Debug|Any CPU.Build.0 = Debug|Any CPU
		{158F5D5D-818B-4346-9A79-1C27C2F2144D}.Release|Any CPU.ActiveCfg = Release|Any CPU
		{A5CE3CB2-F746-4832-B239-1A3226F9BD48}.Debug|Any CPU.ActiveCfg = Debug|Any CPU
		{A5CE3CB2-F746-4832-B239-1A3226F9BD48}.Debug|Any CPU.Build.0 = Debug|Any CPU
		{A5CE3CB2-F746-4832-B239-1A3226F9BD48}.Release|Any CPU.ActiveCfg = Release|Any CPU
		{6ABCC373-F472-4A34-9C78-4A324DDED207}.Debug|Any CPU.ActiveCfg = Debug|Any CPU
		{6ABCC373-F472-4A34-9C78-4A324DDED207}.Debug|Any CPU.Build.0 = Debug|Any CPU
		{6ABCC373-F472-4A34-9C78-4A324DDED207}.Release|Any CPU.ActiveCfg = Release|Any CPU
		{5E727FC9-ACE2-4028-AAA7-5BCECCE5010B}.Debug|Any CPU.ActiveCfg = Debug|Any CPU
		{5E727FC9-ACE2-4028-AAA7-5BCECCE5010B}.Debug|Any CPU.Build.0 = Debug|Any CPU
		{5E727FC9-ACE2-4028-AAA7-5BCECCE5010B}.Release|Any CPU.ActiveCfg = Release|Any CPU
		{55082AEB-0DEF-41F2-9616-DBDC22360379}.Debug|Any CPU.ActiveCfg = Debug|Any CPU
		{55082AEB-0DEF-41F2-9616-DBDC22360379}.Debug|Any CPU.Build.0 = Debug|Any CPU
		{55082AEB-0DEF-41F2-9616-DBDC22360379}.Release|Any CPU.ActiveCfg = Release|Any CPU
		{34FA6EE2-26FE-44D6-8F91-6A5E5A06074B}.Debug|Any CPU.ActiveCfg = Debug|Any CPU
		{34FA6EE2-26FE-44D6-8F91-6A5E5A06074B}.Debug|Any CPU.Build.0 = Debug|Any CPU
		{34FA6EE2-26FE-44D6-8F91-6A5E5A06074B}.Release|Any CPU.ActiveCfg = Release|Any CPU
		{E762B1C6-4B5B-487A-BF8C-C6870D6EACB7}.Debug|Any CPU.ActiveCfg = Debug|Any CPU
		{E762B1C6-4B5B-487A-BF8C-C6870D6EACB7}.Debug|Any CPU.Build.0 = Debug|Any CPU
		{E762B1C6-4B5B-487A-BF8C-C6870D6EACB7}.Release|Any CPU.ActiveCfg = Release|Any CPU
		{EDFDA12E-BA10-4A00-BBE7-1C10A0B0F1A6}.Debug|Any CPU.ActiveCfg = Debug|Any CPU
		{EDFDA12E-BA10-4A00-BBE7-1C10A0B0F1A6}.Debug|Any CPU.Build.0 = Debug|Any CPU
		{EDFDA12E-BA10-4A00-BBE7-1C10A0B0F1A6}.Release|Any CPU.ActiveCfg = Release|Any CPU
		{791E3E2E-133C-4EB5-AB5E-10D31F0A9807}.Debug|Any CPU.ActiveCfg = Debug|Any CPU
		{791E3E2E-133C-4EB5-AB5E-10D31F0A9807}.Debug|Any CPU.Build.0 = Debug|Any CPU
		{791E3E2E-133C-4EB5-AB5E-10D31F0A9807}.Release|Any CPU.ActiveCfg = Release|Any CPU
		{DE115127-C77F-40FF-BA5A-E888A32F2289}.Debug|Any CPU.ActiveCfg = Debug|Any CPU
		{DE115127-C77F-40FF-BA5A-E888A32F2289}.Debug|Any CPU.Build.0 = Debug|Any CPU
		{DE115127-C77F-40FF-BA5A-E888A32F2289}.Release|Any CPU.ActiveCfg = Release|Any CPU
		{1B41A9A1-0B57-4297-B579-D04FC0BA3227}.Debug|Any CPU.ActiveCfg = Debug|Any CPU
		{1B41A9A1-0B57-4297-B579-D04FC0BA3227}.Debug|Any CPU.Build.0 = Debug|Any CPU
		{1B41A9A1-0B57-4297-B579-D04FC0BA3227}.Release|Any CPU.ActiveCfg = Release|Any CPU
		{10A6C940-AECC-4CEF-963E-9908DDA816B2}.Debug|Any CPU.ActiveCfg = Debug|Any CPU
		{10A6C940-AECC-4CEF-963E-9908DDA816B2}.Debug|Any CPU.Build.0 = Debug|Any CPU
		{10A6C940-AECC-4CEF-963E-9908DDA816B2}.Release|Any CPU.ActiveCfg = Release|Any CPU
		{9202380E-D793-4C3C-89B3-3BE790925029}.Debug|Any CPU.ActiveCfg = Debug|Any CPU
		{9202380E-D793-4C3C-89B3-3BE790925029}.Debug|Any CPU.Build.0 = Debug|Any CPU
		{9202380E-D793-4C3C-89B3-3BE790925029}.Release|Any CPU.ActiveCfg = Release|Any CPU
		{D7D8FCA0-BFC6-4B0E-9885-64C2EA90AA62}.Debug|Any CPU.ActiveCfg = Debug|Any CPU
		{D7D8FCA0-BFC6-4B0E-9885-64C2EA90AA62}.Debug|Any CPU.Build.0 = Debug|Any CPU
		{D7D8FCA0-BFC6-4B0E-9885-64C2EA90AA62}.Release|Any CPU.ActiveCfg = Release|Any CPU
		{47CEEA8F-7858-4635-B902-4C704CF55EA0}.Debug|Any CPU.ActiveCfg = Debug|Any CPU
		{47CEEA8F-7858-4635-B902-4C704CF55EA0}.Debug|Any CPU.Build.0 = Debug|Any CPU
		{47CEEA8F-7858-4635-B902-4C704CF55EA0}.Release|Any CPU.ActiveCfg = Release|Any CPU
		{20FFF62D-5BA5-4126-A16C-C14E1FF35A4F}.Debug|Any CPU.ActiveCfg = Debug|Any CPU
		{20FFF62D-5BA5-4126-A16C-C14E1FF35A4F}.Debug|Any CPU.Build.0 = Debug|Any CPU
		{20FFF62D-5BA5-4126-A16C-C14E1FF35A4F}.Release|Any CPU.ActiveCfg = Release|Any CPU
		{20FFF62D-5BA5-4126-A16C-C14E1FF35A4F}.Release|Any CPU.Build.0 = Release|Any CPU
		{40CB6452-68DD-4C78-9852-78281A161950}.Debug|Any CPU.ActiveCfg = Debug|Any CPU
		{40CB6452-68DD-4C78-9852-78281A161950}.Debug|Any CPU.Build.0 = Debug|Any CPU
		{40CB6452-68DD-4C78-9852-78281A161950}.Release|Any CPU.ActiveCfg = Release|Any CPU
		{40CB6452-68DD-4C78-9852-78281A161950}.Release|Any CPU.Build.0 = Release|Any CPU
		{CFE7C192-2561-40CC-8592-136293451EC1}.Debug|Any CPU.ActiveCfg = Debug|Any CPU
		{CFE7C192-2561-40CC-8592-136293451EC1}.Debug|Any CPU.Build.0 = Debug|Any CPU
		{CFE7C192-2561-40CC-8592-136293451EC1}.Release|Any CPU.ActiveCfg = Release|Any CPU
		{CFE7C192-2561-40CC-8592-136293451EC1}.Release|Any CPU.Build.0 = Release|Any CPU
		{93FA6DD6-D0B2-4751-8680-3F959E1F7AF2}.Debug|Any CPU.ActiveCfg = Debug|Any CPU
		{93FA6DD6-D0B2-4751-8680-3F959E1F7AF2}.Debug|Any CPU.Build.0 = Debug|Any CPU
		{93FA6DD6-D0B2-4751-8680-3F959E1F7AF2}.Release|Any CPU.ActiveCfg = Release|Any CPU
		{93FA6DD6-D0B2-4751-8680-3F959E1F7AF2}.Release|Any CPU.Build.0 = Release|Any CPU
		{11445C36-1B94-4AFB-AC23-976C94924603}.Debug|Any CPU.ActiveCfg = Debug|Any CPU
		{11445C36-1B94-4AFB-AC23-976C94924603}.Debug|Any CPU.Build.0 = Debug|Any CPU
		{11445C36-1B94-4AFB-AC23-976C94924603}.Release|Any CPU.ActiveCfg = Release|Any CPU
		{8F2185AB-F87C-4DD0-9DB8-E97920500A37}.Debug|Any CPU.ActiveCfg = Debug|Any CPU
		{8F2185AB-F87C-4DD0-9DB8-E97920500A37}.Debug|Any CPU.Build.0 = Debug|Any CPU
		{8F2185AB-F87C-4DD0-9DB8-E97920500A37}.Release|Any CPU.ActiveCfg = Release|Any CPU
		{8F2185AB-F87C-4DD0-9DB8-E97920500A37}.Release|Any CPU.Build.0 = Release|Any CPU
		{E2AD3323-42AA-47D5-87E4-1E90B0A7C6E9}.Debug|Any CPU.ActiveCfg = Debug|Any CPU
		{E2AD3323-42AA-47D5-87E4-1E90B0A7C6E9}.Debug|Any CPU.Build.0 = Debug|Any CPU
		{E2AD3323-42AA-47D5-87E4-1E90B0A7C6E9}.Release|Any CPU.ActiveCfg = Release|Any CPU
		{9F564F2D-EADD-47DE-9293-92B3E9CFFE36}.Debug|Any CPU.ActiveCfg = Debug|Any CPU
		{9F564F2D-EADD-47DE-9293-92B3E9CFFE36}.Debug|Any CPU.Build.0 = Debug|Any CPU
		{9F564F2D-EADD-47DE-9293-92B3E9CFFE36}.Release|Any CPU.ActiveCfg = Release|Any CPU
		{6577B501-E295-4DCE-B640-BF40C9881A00}.Debug|Any CPU.ActiveCfg = Debug|Any CPU
		{6577B501-E295-4DCE-B640-BF40C9881A00}.Debug|Any CPU.Build.0 = Debug|Any CPU
		{6577B501-E295-4DCE-B640-BF40C9881A00}.Release|Any CPU.ActiveCfg = Release|Any CPU
		{6577B501-E295-4DCE-B640-BF40C9881A00}.Release|Any CPU.Build.0 = Release|Any CPU
		{0675D9B5-B3BB-4C9A-A1A5-11540E2ED715}.Debug|Any CPU.ActiveCfg = Debug|Any CPU
		{0675D9B5-B3BB-4C9A-A1A5-11540E2ED715}.Debug|Any CPU.Build.0 = Debug|Any CPU
		{0675D9B5-B3BB-4C9A-A1A5-11540E2ED715}.Release|Any CPU.ActiveCfg = Release|Any CPU
		{E9EAD4A8-05B8-4138-8B17-E33127C83CF4}.Debug|Any CPU.ActiveCfg = Debug|Any CPU
		{E9EAD4A8-05B8-4138-8B17-E33127C83CF4}.Debug|Any CPU.Build.0 = Debug|Any CPU
		{E9EAD4A8-05B8-4138-8B17-E33127C83CF4}.Release|Any CPU.ActiveCfg = Release|Any CPU
		{14106EE4-AB77-494D-B16A-3EC042539456}.Debug|Any CPU.ActiveCfg = Debug|Any CPU
		{14106EE4-AB77-494D-B16A-3EC042539456}.Debug|Any CPU.Build.0 = Debug|Any CPU
		{14106EE4-AB77-494D-B16A-3EC042539456}.Release|Any CPU.ActiveCfg = Release|Any CPU
		{969625B8-039F-4E5E-A484-6A30DC417FBB}.Debug|Any CPU.ActiveCfg = Debug|Any CPU
		{969625B8-039F-4E5E-A484-6A30DC417FBB}.Debug|Any CPU.Build.0 = Debug|Any CPU
		{969625B8-039F-4E5E-A484-6A30DC417FBB}.Release|Any CPU.ActiveCfg = Release|Any CPU
		{969625B8-039F-4E5E-A484-6A30DC417FBB}.Release|Any CPU.Build.0 = Release|Any CPU
		{9D3C9277-648D-441D-834D-565076EE2E87}.Debug|Any CPU.ActiveCfg = Debug|Any CPU
		{9D3C9277-648D-441D-834D-565076EE2E87}.Debug|Any CPU.Build.0 = Debug|Any CPU
		{9D3C9277-648D-441D-834D-565076EE2E87}.Release|Any CPU.ActiveCfg = Release|Any CPU
		{CCA96699-483E-4B2A-95DF-25F0C98E3BB6}.Debug|Any CPU.ActiveCfg = Debug|Any CPU
		{CCA96699-483E-4B2A-95DF-25F0C98E3BB6}.Debug|Any CPU.Build.0 = Debug|Any CPU
		{CCA96699-483E-4B2A-95DF-25F0C98E3BB6}.Release|Any CPU.ActiveCfg = Release|Any CPU
		{F25BC232-6161-4D45-8AFF-E92A52F0F85A}.Debug|Any CPU.ActiveCfg = Debug|Any CPU
		{F25BC232-6161-4D45-8AFF-E92A52F0F85A}.Debug|Any CPU.Build.0 = Debug|Any CPU
		{F25BC232-6161-4D45-8AFF-E92A52F0F85A}.Release|Any CPU.ActiveCfg = Release|Any CPU
		{F25BC232-6161-4D45-8AFF-E92A52F0F85A}.Release|Any CPU.Build.0 = Release|Any CPU
		{C8A18E8F-34CC-4226-9831-083335DAB21A}.Debug|Any CPU.ActiveCfg = Debug|Any CPU
		{C8A18E8F-34CC-4226-9831-083335DAB21A}.Debug|Any CPU.Build.0 = Debug|Any CPU
		{C8A18E8F-34CC-4226-9831-083335DAB21A}.Release|Any CPU.ActiveCfg = Release|Any CPU
		{9D078C9B-42A3-4558-898A-2396F59A54D3}.Debug|Any CPU.ActiveCfg = Debug|Any CPU
		{9D078C9B-42A3-4558-898A-2396F59A54D3}.Debug|Any CPU.Build.0 = Debug|Any CPU
		{9D078C9B-42A3-4558-898A-2396F59A54D3}.Release|Any CPU.ActiveCfg = Release|Any CPU
		{9D078C9B-42A3-4558-898A-2396F59A54D3}.Release|Any CPU.Build.0 = Release|Any CPU
		{9FB79D60-E87E-420A-984D-C4D5DD2C3125}.Debug|Any CPU.ActiveCfg = Debug|Any CPU
		{9FB79D60-E87E-420A-984D-C4D5DD2C3125}.Debug|Any CPU.Build.0 = Debug|Any CPU
		{9FB79D60-E87E-420A-984D-C4D5DD2C3125}.Release|Any CPU.ActiveCfg = Release|Any CPU
		{3897E2B7-85A3-4D69-B1C0-AEF41236F940}.Debug|Any CPU.ActiveCfg = Debug|Any CPU
		{3897E2B7-85A3-4D69-B1C0-AEF41236F940}.Debug|Any CPU.Build.0 = Debug|Any CPU
		{3897E2B7-85A3-4D69-B1C0-AEF41236F940}.Release|Any CPU.ActiveCfg = Release|Any CPU
		{62B96766-AA6C-4CFF-A6FB-6370C89C2509}.Debug|Any CPU.ActiveCfg = Debug|Any CPU
		{62B96766-AA6C-4CFF-A6FB-6370C89C2509}.Debug|Any CPU.Build.0 = Debug|Any CPU
		{62B96766-AA6C-4CFF-A6FB-6370C89C2509}.Release|Any CPU.ActiveCfg = Release|Any CPU
		{E3877E49-958E-4DC8-B5E8-834010F5C4B7}.Debug|Any CPU.ActiveCfg = Debug|Any CPU
		{E3877E49-958E-4DC8-B5E8-834010F5C4B7}.Debug|Any CPU.Build.0 = Debug|Any CPU
		{E3877E49-958E-4DC8-B5E8-834010F5C4B7}.Release|Any CPU.ActiveCfg = Release|Any CPU
		{E3877E49-958E-4DC8-B5E8-834010F5C4B7}.Release|Any CPU.Build.0 = Release|Any CPU
		{A6AE31A1-4F60-47B0-8534-7B083D68118C}.Debug|Any CPU.ActiveCfg = Debug|Any CPU
		{A6AE31A1-4F60-47B0-8534-7B083D68118C}.Debug|Any CPU.Build.0 = Debug|Any CPU
		{A6AE31A1-4F60-47B0-8534-7B083D68118C}.Release|Any CPU.ActiveCfg = Release|Any CPU
		{A6AE31A1-4F60-47B0-8534-7B083D68118C}.Release|Any CPU.Build.0 = Release|Any CPU
		{668A48B7-F600-4056-B47E-3200893C0404}.Debug|Any CPU.ActiveCfg = Debug|Any CPU
		{668A48B7-F600-4056-B47E-3200893C0404}.Debug|Any CPU.Build.0 = Debug|Any CPU
		{668A48B7-F600-4056-B47E-3200893C0404}.Release|Any CPU.ActiveCfg = Release|Any CPU
		{4A539320-EB49-4688-82E1-4FA0ADBB3810}.Debug|Any CPU.ActiveCfg = Debug|Any CPU
		{4A539320-EB49-4688-82E1-4FA0ADBB3810}.Debug|Any CPU.Build.0 = Debug|Any CPU
		{4A539320-EB49-4688-82E1-4FA0ADBB3810}.Release|Any CPU.ActiveCfg = Release|Any CPU
		{4A539320-EB49-4688-82E1-4FA0ADBB3810}.Release|Any CPU.Build.0 = Release|Any CPU
		{8A602227-B291-4F1B-ACB8-237F49501B6A}.Debug|Any CPU.ActiveCfg = Debug|Any CPU
		{8A602227-B291-4F1B-ACB8-237F49501B6A}.Debug|Any CPU.Build.0 = Debug|Any CPU
		{8A602227-B291-4F1B-ACB8-237F49501B6A}.Release|Any CPU.ActiveCfg = Release|Any CPU
		{494B8590-F0B2-4D40-A895-F9D7BDF26250}.Debug|Any CPU.ActiveCfg = Debug|Any CPU
		{494B8590-F0B2-4D40-A895-F9D7BDF26250}.Debug|Any CPU.Build.0 = Debug|Any CPU
		{494B8590-F0B2-4D40-A895-F9D7BDF26250}.Release|Any CPU.ActiveCfg = Release|Any CPU
		{BC8057DA-CB40-4308-96FB-EF0100822BAD}.Debug|Any CPU.ActiveCfg = Debug|Any CPU
		{BC8057DA-CB40-4308-96FB-EF0100822BAD}.Debug|Any CPU.Build.0 = Debug|Any CPU
		{BC8057DA-CB40-4308-96FB-EF0100822BAD}.Release|Any CPU.ActiveCfg = Release|Any CPU
		{A5D7FC55-C9AB-493C-83FD-1966A86542FB}.Debug|Any CPU.ActiveCfg = Debug|Any CPU
		{A5D7FC55-C9AB-493C-83FD-1966A86542FB}.Debug|Any CPU.Build.0 = Debug|Any CPU
		{A5D7FC55-C9AB-493C-83FD-1966A86542FB}.Release|Any CPU.ActiveCfg = Release|Any CPU
		{8FB12876-013D-44CB-9F0D-E926D9F0F4E3}.Debug|Any CPU.ActiveCfg = Debug|Any CPU
		{8FB12876-013D-44CB-9F0D-E926D9F0F4E3}.Debug|Any CPU.Build.0 = Debug|Any CPU
		{8FB12876-013D-44CB-9F0D-E926D9F0F4E3}.Release|Any CPU.ActiveCfg = Release|Any CPU
		{A46B0BE1-03F2-4520-A3DA-FD845BA1FD69}.Debug|Any CPU.ActiveCfg = Debug|Any CPU
		{A46B0BE1-03F2-4520-A3DA-FD845BA1FD69}.Debug|Any CPU.Build.0 = Debug|Any CPU
		{A46B0BE1-03F2-4520-A3DA-FD845BA1FD69}.Release|Any CPU.ActiveCfg = Release|Any CPU
		{A46B0BE1-03F2-4520-A3DA-FD845BA1FD69}.Release|Any CPU.Build.0 = Release|Any CPU
		{28534545-CB39-446A-9EB9-A5ABBFE0CFD3}.Debug|Any CPU.ActiveCfg = Debug|Any CPU
		{28534545-CB39-446A-9EB9-A5ABBFE0CFD3}.Debug|Any CPU.Build.0 = Debug|Any CPU
		{28534545-CB39-446A-9EB9-A5ABBFE0CFD3}.Release|Any CPU.ActiveCfg = Release|Any CPU
		{8ADA17CD-B779-4817-B10A-E9D7B019088D}.Debug|Any CPU.ActiveCfg = Debug|Any CPU
		{8ADA17CD-B779-4817-B10A-E9D7B019088D}.Debug|Any CPU.Build.0 = Debug|Any CPU
		{8ADA17CD-B779-4817-B10A-E9D7B019088D}.Release|Any CPU.ActiveCfg = Release|Any CPU
		{B9BE1099-F78F-4A5F-A897-BF2C75E19C57}.Debug|Any CPU.ActiveCfg = Debug|Any CPU
		{B9BE1099-F78F-4A5F-A897-BF2C75E19C57}.Debug|Any CPU.Build.0 = Debug|Any CPU
		{B9BE1099-F78F-4A5F-A897-BF2C75E19C57}.Release|Any CPU.ActiveCfg = Release|Any CPU
		{B9BE1099-F78F-4A5F-A897-BF2C75E19C57}.Release|Any CPU.Build.0 = Release|Any CPU
		{2E10420F-BF96-411C-8FE0-F6268F2EEB67}.Debug|Any CPU.ActiveCfg = Debug|Any CPU
		{2E10420F-BF96-411C-8FE0-F6268F2EEB67}.Debug|Any CPU.Build.0 = Debug|Any CPU
		{2E10420F-BF96-411C-8FE0-F6268F2EEB67}.Release|Any CPU.ActiveCfg = Release|Any CPU
		{2E10420F-BF96-411C-8FE0-F6268F2EEB67}.Release|Any CPU.Build.0 = Release|Any CPU
		{C5E6B28C-F54D-423D-954D-A9EAEFB89732}.Debug|Any CPU.ActiveCfg = Debug|Any CPU
		{C5E6B28C-F54D-423D-954D-A9EAEFB89732}.Debug|Any CPU.Build.0 = Debug|Any CPU
		{C5E6B28C-F54D-423D-954D-A9EAEFB89732}.Release|Any CPU.ActiveCfg = Release|Any CPU
		{43877864-6AE8-4B03-BEDA-6B6FA8BB1D8B}.Debug|Any CPU.ActiveCfg = Debug|Any CPU
		{43877864-6AE8-4B03-BEDA-6B6FA8BB1D8B}.Debug|Any CPU.Build.0 = Debug|Any CPU
		{43877864-6AE8-4B03-BEDA-6B6FA8BB1D8B}.Release|Any CPU.ActiveCfg = Release|Any CPU
		{43877864-6AE8-4B03-BEDA-6B6FA8BB1D8B}.Release|Any CPU.Build.0 = Release|Any CPU
		{FAE4C6B8-38B2-43E7-8881-99693C9CEDC6}.Debug|Any CPU.ActiveCfg = Debug|Any CPU
		{FAE4C6B8-38B2-43E7-8881-99693C9CEDC6}.Debug|Any CPU.Build.0 = Debug|Any CPU
		{FAE4C6B8-38B2-43E7-8881-99693C9CEDC6}.Release|Any CPU.ActiveCfg = Release|Any CPU
		{432AC1B4-8275-4284-9A44-44988A6F0C24}.Debug|Any CPU.ActiveCfg = Debug|Any CPU
		{432AC1B4-8275-4284-9A44-44988A6F0C24}.Debug|Any CPU.Build.0 = Debug|Any CPU
		{432AC1B4-8275-4284-9A44-44988A6F0C24}.Release|Any CPU.ActiveCfg = Release|Any CPU
		{A0C81A29-715F-463E-A243-7E45DB8AE53F}.Debug|Any CPU.ActiveCfg = Debug|Any CPU
		{A0C81A29-715F-463E-A243-7E45DB8AE53F}.Debug|Any CPU.Build.0 = Debug|Any CPU
		{A0C81A29-715F-463E-A243-7E45DB8AE53F}.Release|Any CPU.ActiveCfg = Release|Any CPU
		{A0C81A29-715F-463E-A243-7E45DB8AE53F}.Release|Any CPU.Build.0 = Release|Any CPU
		{EE0D8645-2770-4E12-8E18-019B30970FE6}.Debug|Any CPU.ActiveCfg = Debug|Any CPU
		{EE0D8645-2770-4E12-8E18-019B30970FE6}.Debug|Any CPU.Build.0 = Debug|Any CPU
		{EE0D8645-2770-4E12-8E18-019B30970FE6}.Release|Any CPU.ActiveCfg = Release|Any CPU
		{37FA99CB-AD22-4BAC-B76F-961F84422DEE}.Debug|Any CPU.ActiveCfg = Debug|Any CPU
		{37FA99CB-AD22-4BAC-B76F-961F84422DEE}.Debug|Any CPU.Build.0 = Debug|Any CPU
		{37FA99CB-AD22-4BAC-B76F-961F84422DEE}.Release|Any CPU.ActiveCfg = Release|Any CPU
		{D1308C73-79B6-4635-B50D-420742D09C20}.Debug|Any CPU.ActiveCfg = Debug|Any CPU
		{D1308C73-79B6-4635-B50D-420742D09C20}.Debug|Any CPU.Build.0 = Debug|Any CPU
		{D1308C73-79B6-4635-B50D-420742D09C20}.Release|Any CPU.ActiveCfg = Release|Any CPU
		{C746CE00-8BAE-4B46-A757-FE85D68747CE}.Debug|Any CPU.ActiveCfg = Debug|Any CPU
		{C746CE00-8BAE-4B46-A757-FE85D68747CE}.Debug|Any CPU.Build.0 = Debug|Any CPU
		{C746CE00-8BAE-4B46-A757-FE85D68747CE}.Release|Any CPU.ActiveCfg = Release|Any CPU
		{06A507C7-46B9-4D36-B88B-B4E4A0E8C0AC}.Debug|Any CPU.ActiveCfg = Debug|Any CPU
		{06A507C7-46B9-4D36-B88B-B4E4A0E8C0AC}.Debug|Any CPU.Build.0 = Debug|Any CPU
		{06A507C7-46B9-4D36-B88B-B4E4A0E8C0AC}.Release|Any CPU.ActiveCfg = Release|Any CPU
		{00A3DDF3-2230-4AEC-8B5B-B75F958D194B}.Debug|Any CPU.ActiveCfg = Debug|Any CPU
		{00A3DDF3-2230-4AEC-8B5B-B75F958D194B}.Debug|Any CPU.Build.0 = Debug|Any CPU
		{00A3DDF3-2230-4AEC-8B5B-B75F958D194B}.Release|Any CPU.ActiveCfg = Release|Any CPU
		{5A14582B-C6D0-459E-BBB8-EA46CE8DC52E}.Debug|Any CPU.ActiveCfg = Debug|Any CPU
		{5A14582B-C6D0-459E-BBB8-EA46CE8DC52E}.Debug|Any CPU.Build.0 = Debug|Any CPU
		{5A14582B-C6D0-459E-BBB8-EA46CE8DC52E}.Release|Any CPU.ActiveCfg = Release|Any CPU
		{5A14582B-C6D0-459E-BBB8-EA46CE8DC52E}.Release|Any CPU.Build.0 = Release|Any CPU
		{84AEC1DD-CBAE-400A-949C-91BA373C587D}.Debug|Any CPU.ActiveCfg = Debug|Any CPU
		{84AEC1DD-CBAE-400A-949C-91BA373C587D}.Debug|Any CPU.Build.0 = Debug|Any CPU
		{84AEC1DD-CBAE-400A-949C-91BA373C587D}.Release|Any CPU.ActiveCfg = Release|Any CPU
		{B303885D-F64F-4EEB-B085-0014E863AF61}.Debug|Any CPU.ActiveCfg = Debug|Any CPU
		{B303885D-F64F-4EEB-B085-0014E863AF61}.Debug|Any CPU.Build.0 = Debug|Any CPU
		{B303885D-F64F-4EEB-B085-0014E863AF61}.Release|Any CPU.ActiveCfg = Release|Any CPU
		{F192513B-265B-4943-A2A9-44E23B15BA18}.Debug|Any CPU.ActiveCfg = Debug|Any CPU
		{F192513B-265B-4943-A2A9-44E23B15BA18}.Debug|Any CPU.Build.0 = Debug|Any CPU
		{F192513B-265B-4943-A2A9-44E23B15BA18}.Release|Any CPU.ActiveCfg = Release|Any CPU
		{F192513B-265B-4943-A2A9-44E23B15BA18}.Release|Any CPU.Build.0 = Release|Any CPU
	EndGlobalSection
	GlobalSection(SolutionProperties) = preSolution
		HideSolutionNode = FALSE
	EndGlobalSection
	GlobalSection(NestedProjects) = preSolution
		{C93FCED9-808A-4B03-9B4C-0DBAE46D5BDD} = {0A43C65C-6007-4BB4-B3FE-8D439FC91841}
		{CA1D9162-D4C5-490D-AAD5-7A9A23092C28} = {0A43C65C-6007-4BB4-B3FE-8D439FC91841}
		{2C4D5F14-CCFC-4913-B884-B2FF9067BEFF} = {0A43C65C-6007-4BB4-B3FE-8D439FC91841}
		{B8976338-7CDC-47AE-8502-C2FBAFBEBD68} = {6EF76FD8-4C35-4370-8539-5DDF45357A50}
		{48E79819-1E9E-4075-90DA-BAEC761C89B2} = {B8976338-7CDC-47AE-8502-C2FBAFBEBD68}
		{3C17F42B-CFC8-4900-8CFB-88936311E919} = {5E7DD43D-B5E7-4827-B57D-447E5B428589}
		{8A9FA587-7EBA-4D43-BE47-38D798B1C74C} = {87DEAE8D-138C-4FDD-B4C9-11C3A7817E8F}
		{C4AFA538-8939-4525-A361-665833947F72} = {5E7DD43D-B5E7-4827-B57D-447E5B428589}
		{27910ADC-5A28-4EB4-A16E-974B91940758} = {87DEAE8D-138C-4FDD-B4C9-11C3A7817E8F}
		{4AE9DB51-2A22-4FB3-A780-838738566D18} = {5E7DD43D-B5E7-4827-B57D-447E5B428589}
		{3AAD973E-2FDC-4C89-94BA-4F6671C2F23A} = {5E7DD43D-B5E7-4827-B57D-447E5B428589}
		{1071A8B6-ED76-4E46-A291-E0563B9C4575} = {87DEAE8D-138C-4FDD-B4C9-11C3A7817E8F}
		{BCD0255F-2F35-4B6D-BBF2-2FB43B6F95FA} = {5E7DD43D-B5E7-4827-B57D-447E5B428589}
		{989061F4-164F-4D98-A3F9-601BC40EE216} = {5E7DD43D-B5E7-4827-B57D-447E5B428589}
		{C03BC9FE-5301-43EE-B912-1363F430DBA0} = {CA49F1A1-C3FA-4E99-ACB3-D7FF33D47976}
		{F7609330-E97E-422C-8983-EC501B2DDC52} = {371BB479-AA1C-41CB-BF07-24C363601289}
		{D04A01C0-EF1B-49B2-B6AB-8AC635566E6A} = {371BB479-AA1C-41CB-BF07-24C363601289}
		{A77F639B-EA35-4519-9DBF-54687E5AC895} = {0A43C65C-6007-4BB4-B3FE-8D439FC91841}
		{6627ACE2-14FA-4A8E-A03C-0E4710B5411E} = {0A43C65C-6007-4BB4-B3FE-8D439FC91841}
		{BCBEE522-6B4F-4C79-9E91-A34F4CCBF036} = {0A43C65C-6007-4BB4-B3FE-8D439FC91841}
		{158F5D5D-818B-4346-9A79-1C27C2F2144D} = {0A43C65C-6007-4BB4-B3FE-8D439FC91841}
		{A5CE3CB2-F746-4832-B239-1A3226F9BD48} = {0A43C65C-6007-4BB4-B3FE-8D439FC91841}
		{6ABCC373-F472-4A34-9C78-4A324DDED207} = {0A43C65C-6007-4BB4-B3FE-8D439FC91841}
		{5E727FC9-ACE2-4028-AAA7-5BCECCE5010B} = {0A43C65C-6007-4BB4-B3FE-8D439FC91841}
		{55082AEB-0DEF-41F2-9616-DBDC22360379} = {0A43C65C-6007-4BB4-B3FE-8D439FC91841}
		{34FA6EE2-26FE-44D6-8F91-6A5E5A06074B} = {0A43C65C-6007-4BB4-B3FE-8D439FC91841}
		{E762B1C6-4B5B-487A-BF8C-C6870D6EACB7} = {0A43C65C-6007-4BB4-B3FE-8D439FC91841}
		{EDFDA12E-BA10-4A00-BBE7-1C10A0B0F1A6} = {0A43C65C-6007-4BB4-B3FE-8D439FC91841}
		{791E3E2E-133C-4EB5-AB5E-10D31F0A9807} = {0A43C65C-6007-4BB4-B3FE-8D439FC91841}
		{DE115127-C77F-40FF-BA5A-E888A32F2289} = {0A43C65C-6007-4BB4-B3FE-8D439FC91841}
		{1B41A9A1-0B57-4297-B579-D04FC0BA3227} = {0A43C65C-6007-4BB4-B3FE-8D439FC91841}
		{10A6C940-AECC-4CEF-963E-9908DDA816B2} = {0A43C65C-6007-4BB4-B3FE-8D439FC91841}
		{9202380E-D793-4C3C-89B3-3BE790925029} = {0A43C65C-6007-4BB4-B3FE-8D439FC91841}
		{D7D8FCA0-BFC6-4B0E-9885-64C2EA90AA62} = {0A43C65C-6007-4BB4-B3FE-8D439FC91841}
		{47CEEA8F-7858-4635-B902-4C704CF55EA0} = {0A43C65C-6007-4BB4-B3FE-8D439FC91841}
		{20FFF62D-5BA5-4126-A16C-C14E1FF35A4F} = {155DA079-E267-49AF-973A-D1D44681970F}
		{40CB6452-68DD-4C78-9852-78281A161950} = {155DA079-E267-49AF-973A-D1D44681970F}
		{CFE7C192-2561-40CC-8592-136293451EC1} = {155DA079-E267-49AF-973A-D1D44681970F}
		{93FA6DD6-D0B2-4751-8680-3F959E1F7AF2} = {155DA079-E267-49AF-973A-D1D44681970F}
		{11445C36-1B94-4AFB-AC23-976C94924603} = {3C17F42B-CFC8-4900-8CFB-88936311E919}
		{8F2185AB-F87C-4DD0-9DB8-E97920500A37} = {155DA079-E267-49AF-973A-D1D44681970F}
		{E2AD3323-42AA-47D5-87E4-1E90B0A7C6E9} = {3C17F42B-CFC8-4900-8CFB-88936311E919}
		{9F564F2D-EADD-47DE-9293-92B3E9CFFE36} = {3C17F42B-CFC8-4900-8CFB-88936311E919}
		{6577B501-E295-4DCE-B640-BF40C9881A00} = {155DA079-E267-49AF-973A-D1D44681970F}
		{0675D9B5-B3BB-4C9A-A1A5-11540E2ED715} = {3C17F42B-CFC8-4900-8CFB-88936311E919}
		{E9EAD4A8-05B8-4138-8B17-E33127C83CF4} = {3C17F42B-CFC8-4900-8CFB-88936311E919}
		{14106EE4-AB77-494D-B16A-3EC042539456} = {3C17F42B-CFC8-4900-8CFB-88936311E919}
		{969625B8-039F-4E5E-A484-6A30DC417FBB} = {155DA079-E267-49AF-973A-D1D44681970F}
		{9D3C9277-648D-441D-834D-565076EE2E87} = {3C17F42B-CFC8-4900-8CFB-88936311E919}
		{CCA96699-483E-4B2A-95DF-25F0C98E3BB6} = {3C17F42B-CFC8-4900-8CFB-88936311E919}
		{F25BC232-6161-4D45-8AFF-E92A52F0F85A} = {155DA079-E267-49AF-973A-D1D44681970F}
		{C8A18E8F-34CC-4226-9831-083335DAB21A} = {3C17F42B-CFC8-4900-8CFB-88936311E919}
		{9D078C9B-42A3-4558-898A-2396F59A54D3} = {155DA079-E267-49AF-973A-D1D44681970F}
		{9FB79D60-E87E-420A-984D-C4D5DD2C3125} = {3C17F42B-CFC8-4900-8CFB-88936311E919}
		{3897E2B7-85A3-4D69-B1C0-AEF41236F940} = {3C17F42B-CFC8-4900-8CFB-88936311E919}
		{62B96766-AA6C-4CFF-A6FB-6370C89C2509} = {3C17F42B-CFC8-4900-8CFB-88936311E919}
		{E3877E49-958E-4DC8-B5E8-834010F5C4B7} = {155DA079-E267-49AF-973A-D1D44681970F}
		{A6AE31A1-4F60-47B0-8534-7B083D68118C} = {155DA079-E267-49AF-973A-D1D44681970F}
		{668A48B7-F600-4056-B47E-3200893C0404} = {3C17F42B-CFC8-4900-8CFB-88936311E919}
		{4A539320-EB49-4688-82E1-4FA0ADBB3810} = {155DA079-E267-49AF-973A-D1D44681970F}
		{8A602227-B291-4F1B-ACB8-237F49501B6A} = {3C17F42B-CFC8-4900-8CFB-88936311E919}
		{494B8590-F0B2-4D40-A895-F9D7BDF26250} = {0A43C65C-6007-4BB4-B3FE-8D439FC91841}
		{BC8057DA-CB40-4308-96FB-EF0100822BAD} = {0A43C65C-6007-4BB4-B3FE-8D439FC91841}
		{A5D7FC55-C9AB-493C-83FD-1966A86542FB} = {0A43C65C-6007-4BB4-B3FE-8D439FC91841}
		{8FB12876-013D-44CB-9F0D-E926D9F0F4E3} = {0A43C65C-6007-4BB4-B3FE-8D439FC91841}
		{B488168B-AD86-4CC5-9D89-324B6EB743D9} = {6EF76FD8-4C35-4370-8539-5DDF45357A50}
		{C2D3A947-B6F9-4306-BD42-21D8D1F42750} = {B488168B-AD86-4CC5-9D89-324B6EB743D9}
		{A46B0BE1-03F2-4520-A3DA-FD845BA1FD69} = {87DEAE8D-138C-4FDD-B4C9-11C3A7817E8F}
		{28534545-CB39-446A-9EB9-A5ABBFE0CFD3} = {0A43C65C-6007-4BB4-B3FE-8D439FC91841}
		{8ADA17CD-B779-4817-B10A-E9D7B019088D} = {3C17F42B-CFC8-4900-8CFB-88936311E919}
		{B9BE1099-F78F-4A5F-A897-BF2C75E19C57} = {155DA079-E267-49AF-973A-D1D44681970F}
		{2E10420F-BF96-411C-8FE0-F6268F2EEB67} = {155DA079-E267-49AF-973A-D1D44681970F}
		{C5E6B28C-F54D-423D-954D-A9EAEFB89732} = {3C17F42B-CFC8-4900-8CFB-88936311E919}
		{43877864-6AE8-4B03-BEDA-6B6FA8BB1D8B} = {155DA079-E267-49AF-973A-D1D44681970F}
		{FAE4C6B8-38B2-43E7-8881-99693C9CEDC6} = {0A43C65C-6007-4BB4-B3FE-8D439FC91841}
		{432AC1B4-8275-4284-9A44-44988A6F0C24} = {DBEA0A6B-474A-4E8C-BCC8-D5D43C063A54}
		{A0C81A29-715F-463E-A243-7E45DB8AE53F} = {155DA079-E267-49AF-973A-D1D44681970F}
		{EE0D8645-2770-4E12-8E18-019B30970FE6} = {0A43C65C-6007-4BB4-B3FE-8D439FC91841}
		{37FA99CB-AD22-4BAC-B76F-961F84422DEE} = {0A43C65C-6007-4BB4-B3FE-8D439FC91841}
		{D1308C73-79B6-4635-B50D-420742D09C20} = {0A43C65C-6007-4BB4-B3FE-8D439FC91841}
		{C746CE00-8BAE-4B46-A757-FE85D68747CE} = {DBEA0A6B-474A-4E8C-BCC8-D5D43C063A54}
		{06A507C7-46B9-4D36-B88B-B4E4A0E8C0AC} = {0A43C65C-6007-4BB4-B3FE-8D439FC91841}
		{00A3DDF3-2230-4AEC-8B5B-B75F958D194B} = {0A43C65C-6007-4BB4-B3FE-8D439FC91841}
		{5A14582B-C6D0-459E-BBB8-EA46CE8DC52E} = {155DA079-E267-49AF-973A-D1D44681970F}
		{795CD089-05A9-4800-B6FF-3243CAD7D41B} = {7BA7F1B2-19E2-46EB-B000-513EE2F65769}
		{6B992EFC-81B0-4E52-925F-41420BDC40B6} = {7BA7F1B2-19E2-46EB-B000-513EE2F65769}
		{84AEC1DD-CBAE-400A-949C-91BA373C587D} = {0A43C65C-6007-4BB4-B3FE-8D439FC91841}
		{B303885D-F64F-4EEB-B085-0014E863AF61} = {0A43C65C-6007-4BB4-B3FE-8D439FC91841}
		{F192513B-265B-4943-A2A9-44E23B15BA18} = {155DA079-E267-49AF-973A-D1D44681970F}
	EndGlobalSection
	GlobalSection(ExtensibilityGlobals) = postSolution
		SolutionGuid = {CC136C62-115C-41D1-B414-F9473EFF6EA8}
	EndGlobalSection
EndGlobal
