<Solution>
  <Folder Name="/src/" />
  <Folder Name="/tests/">
    <Project Path="tests/Main.Tests/Main.Tests.csproj" />
    <Project Path="tests\Core.Tests\Core.Tests.csproj" Type="C#" />
  </Folder>
  <Project Path="src\Core\Core.csproj" Type="C#" />
  <Project Path="src\Main\Main.csproj" Type="C#" />
</Solution>