
Microsoft Visual Studio Solution File, Format Version 12.00
# Visual Studio Version 17
VisualStudioVersion = 17.5.002.0
MinimumVisualStudioVersion = 10.0.40219.1
Project("{9A19103F-16F7-4668-BE54-9A1E7A4F7556}") = "106-dotnet-retrieve-synthetics", "106-dotnet-retrieve-synthetics.csproj", "{126A8CEB-2237-4CE8-AA41-739E25702735}"
EndProject
Global
	GlobalSection(SolutionConfigurationPlatforms) = preSolution
		Debug|Any CPU = Debug|Any CPU
		Release|Any CPU = Release|Any CPU
	EndGlobalSection
	GlobalSection(ProjectConfigurationPlatforms) = postSolution
		{126A8CEB-2237-4CE8-AA41-739E25702735}.Debug|Any CPU.ActiveCfg = Debug|Any CPU
		{126A8CEB-2237-4CE8-AA41-739E25702735}.Debug|Any CPU.Build.0 = Debug|Any CPU
		{126A8CEB-2237-4CE8-AA41-739E25702735}.Release|Any CPU.ActiveCfg = Release|Any CPU
		{126A8CEB-2237-4CE8-AA41-739E25702735}.Release|Any CPU.Build.0 = Release|Any CPU
	EndGlobalSection
	GlobalSection(SolutionProperties) = preSolution
		HideSolutionNode = FALSE
	EndGlobalSection
	GlobalSection(ExtensibilityGlobals) = postSolution
		SolutionGuid = {E596816C-8F38-40E2-A1AD-E112214BCC26}
	EndGlobalSection
EndGlobal
